// !$*UTF8*$!
{
	archiveVersion = 1;
	classes = {
	};
	objectVersion = 45;
	objects = {

/* Begin PBXBuildFile section */
		053FB99A0FA4D4B300DA370E /* BWToolkit License.rtf in Resources */ = {isa = PBXBuildFile; fileRef = 053FB9950FA4D4B300DA370E /* BWToolkit License.rtf */; };
		053FB99B0FA4D4B300DA370E /* Canary License.rtf in Resources */ = {isa = PBXBuildFile; fileRef = 053FB9960FA4D4B300DA370E /* Canary License.rtf */; };
		053FB99C0FA4D4B300DA370E /* Copyright and license info.rtf in Resources */ = {isa = PBXBuildFile; fileRef = 053FB9970FA4D4B300DA370E /* Copyright and license info.rtf */; };
		053FB99D0FA4D4B300DA370E /* Growl License.txt in Resources */ = {isa = PBXBuildFile; fileRef = 053FB9980FA4D4B300DA370E /* Growl License.txt */; };
		053FB99E0FA4D4B300DA370E /* Sparkle License.txt in Resources */ = {isa = PBXBuildFile; fileRef = 053FB9990FA4D4B300DA370E /* Sparkle License.txt */; };
		053FBA420FA50EC700DA370E /* NSString+ORSCanaryAdditions.m in Sources */ = {isa = PBXBuildFile; fileRef = 053FBA390FA50EC700DA370E /* NSString+ORSCanaryAdditions.m */; };
		053FBA430FA50EC700DA370E /* NSMutableAttributedString+ORSCanaryAdditions.m in Sources */ = {isa = PBXBuildFile; fileRef = 053FBA3B0FA50EC700DA370E /* NSMutableAttributedString+ORSCanaryAdditions.m */; };
		053FBA440FA50EC700DA370E /* ORSCanaryController+Growl.m in Sources */ = {isa = PBXBuildFile; fileRef = 053FBA3C0FA50EC700DA370E /* ORSCanaryController+Growl.m */; };
		053FBA450FA50EC700DA370E /* ORSCanaryController.m in Sources */ = {isa = PBXBuildFile; fileRef = 053FBA3F0FA50EC700DA370E /* ORSCanaryController.m */; };
		053FBA640FA50FA900DA370E /* ORSCanaryStatusView.m in Sources */ = {isa = PBXBuildFile; fileRef = 053FBA530FA50FA900DA370E /* ORSCanaryStatusView.m */; };
		053FBA650FA50FA900DA370E /* ORSCanaryUnderlinedButtonCell.m in Sources */ = {isa = PBXBuildFile; fileRef = 053FBA540FA50FA900DA370E /* ORSCanaryUnderlinedButtonCell.m */; };
		053FBA660FA50FA900DA370E /* ORSCanaryNewStatusTextFieldCell.m in Sources */ = {isa = PBXBuildFile; fileRef = 053FBA560FA50FA900DA370E /* ORSCanaryNewStatusTextFieldCell.m */; };
		053FBA670FA50FA900DA370E /* ORSImageView.m in Sources */ = {isa = PBXBuildFile; fileRef = 053FBA580FA50FA900DA370E /* ORSImageView.m */; };
		053FBA680FA50FA900DA370E /* ORSCanaryTextFieldCell.m in Sources */ = {isa = PBXBuildFile; fileRef = 053FBA5A0FA50FA900DA370E /* ORSCanaryTextFieldCell.m */; };
		053FBA690FA50FA900DA370E /* ORSCanaryCollectionView.m in Sources */ = {isa = PBXBuildFile; fileRef = 053FBA5C0FA50FA900DA370E /* ORSCanaryCollectionView.m */; };
		053FBA6A0FA50FA900DA370E /* ORSCanaryCollectionViewItem.m in Sources */ = {isa = PBXBuildFile; fileRef = 053FBA5E0FA50FA900DA370E /* ORSCanaryCollectionViewItem.m */; };
		053FBA6B0FA50FA900DA370E /* ORSCanaryDragView.m in Sources */ = {isa = PBXBuildFile; fileRef = 053FBA610FA50FA900DA370E /* ORSCanaryDragView.m */; };
		053FBA6C0FA50FA900DA370E /* ORSDateDifferenceFormatter.m in Sources */ = {isa = PBXBuildFile; fileRef = 053FBA630FA50FA900DA370E /* ORSDateDifferenceFormatter.m */; };
		053FBA7F0FA5103B00DA370E /* ORSCanaryLoginController.m in Sources */ = {isa = PBXBuildFile; fileRef = 053FBA7A0FA5103B00DA370E /* ORSCanaryLoginController.m */; };
		053FBA800FA5103B00DA370E /* ORSCanaryAboutController.m in Sources */ = {isa = PBXBuildFile; fileRef = 053FBA7C0FA5103B00DA370E /* ORSCanaryAboutController.m */; };
		053FBA810FA5103B00DA370E /* ORSCanaryPreferencesController.m in Sources */ = {isa = PBXBuildFile; fileRef = 053FBA7E0FA5103B00DA370E /* ORSCanaryPreferencesController.m */; };
		053FBA860FA510BC00DA370E /* NSString+Base64.m in Sources */ = {isa = PBXBuildFile; fileRef = 053FBA830FA510BC00DA370E /* NSString+Base64.m */; };
		053FBA870FA510BC00DA370E /* base64.c in Sources */ = {isa = PBXBuildFile; fileRef = 053FBA850FA510BC00DA370E /* base64.c */; };
		053FBA900FA510FE00DA370E /* NSXMLNode+ORSTwitterStatusAdditions.m in Sources */ = {isa = PBXBuildFile; fileRef = 053FBA8C0FA510FE00DA370E /* NSXMLNode+ORSTwitterStatusAdditions.m */; };
		053FBA910FA510FE00DA370E /* NSXMLNode+ORSTwitterDMAdditions.m in Sources */ = {isa = PBXBuildFile; fileRef = 053FBA8E0FA510FE00DA370E /* NSXMLNode+ORSTwitterDMAdditions.m */; };
		053FBAAB0FA511A900DA370E /* ORSTwitterEngine+User.m in Sources */ = {isa = PBXBuildFile; fileRef = 053FBA990FA511A900DA370E /* ORSTwitterEngine+User.m */; };
		053FBAAC0FA511A900DA370E /* ORSTwitterEngine+Timeline.m in Sources */ = {isa = PBXBuildFile; fileRef = 053FBA9A0FA511A900DA370E /* ORSTwitterEngine+Timeline.m */; };
		053FBAAD0FA511A900DA370E /* ORSTwitterEngine+DirectMessage.m in Sources */ = {isa = PBXBuildFile; fileRef = 053FBA9C0FA511A900DA370E /* ORSTwitterEngine+DirectMessage.m */; };
		053FBAAE0FA511A900DA370E /* ORSTwitterEngine.m in Sources */ = {isa = PBXBuildFile; fileRef = 053FBA9E0FA511A900DA370E /* ORSTwitterEngine.m */; };
		053FBAAF0FA511A900DA370E /* ORSUpdateDispatcher.m in Sources */ = {isa = PBXBuildFile; fileRef = 053FBAA00FA511A900DA370E /* ORSUpdateDispatcher.m */; };
		053FBAB10FA511A900DA370E /* ORSTimelineCacheManager.m in Sources */ = {isa = PBXBuildFile; fileRef = 053FBAA50FA511A900DA370E /* ORSTimelineCacheManager.m */; };
		053FBAB20FA511A900DA370E /* ORSTwitPicDispatcher.m in Sources */ = {isa = PBXBuildFile; fileRef = 053FBAA70FA511A900DA370E /* ORSTwitPicDispatcher.m */; };
		053FBAB30FA511A900DA370E /* ORSSession.m in Sources */ = {isa = PBXBuildFile; fileRef = 053FBAA80FA511A900DA370E /* ORSSession.m */; };
		053FBAB40FA511A900DA370E /* ORSAsyncTwitPicDispatcher.m in Sources */ = {isa = PBXBuildFile; fileRef = 053FBAA90FA511A900DA370E /* ORSAsyncTwitPicDispatcher.m */; };
		053FBABE0FA5121100DA370E /* ORSFilterArrayTransformer.m in Sources */ = {isa = PBXBuildFile; fileRef = 053FBAB90FA5121100DA370E /* ORSFilterArrayTransformer.m */; };
		053FBABF0FA5121100DA370E /* ORSFilter.m in Sources */ = {isa = PBXBuildFile; fileRef = 053FBABB0FA5121100DA370E /* ORSFilter.m */; };
		053FBAC00FA5121100DA370E /* ORSFilterTransformer.m in Sources */ = {isa = PBXBuildFile; fileRef = 053FBABC0FA5121100DA370E /* ORSFilterTransformer.m */; };
		053FBAD90FA5128900DA370E /* ORSAbstractShortener.m in Sources */ = {isa = PBXBuildFile; fileRef = 053FBAC50FA5128900DA370E /* ORSAbstractShortener.m */; };
		053FBADA0FA5128900DA370E /* ORSAdjixShortener.m in Sources */ = {isa = PBXBuildFile; fileRef = 053FBAC70FA5128900DA370E /* ORSAdjixShortener.m */; };
		053FBADB0FA5128900DA370E /* ORSBitlyShortener.m in Sources */ = {isa = PBXBuildFile; fileRef = 053FBAC90FA5128900DA370E /* ORSBitlyShortener.m */; };
		053FBADC0FA5128900DA370E /* ORSCligsShortener.m in Sources */ = {isa = PBXBuildFile; fileRef = 053FBACB0FA5128900DA370E /* ORSCligsShortener.m */; };
		053FBADD0FA5128900DA370E /* ORSIsgdShortener.m in Sources */ = {isa = PBXBuildFile; fileRef = 053FBACD0FA5128900DA370E /* ORSIsgdShortener.m */; };
		053FBADE0FA5128900DA370E /* ORSShortenerFactory.m in Sources */ = {isa = PBXBuildFile; fileRef = 053FBAD00FA5128900DA370E /* ORSShortenerFactory.m */; };
		053FBADF0FA5128900DA370E /* ORSSnipURLShortener.m in Sources */ = {isa = PBXBuildFile; fileRef = 053FBAD20FA5128900DA370E /* ORSSnipURLShortener.m */; };
		053FBAE00FA5128900DA370E /* ORSTinyURLShortener.m in Sources */ = {isa = PBXBuildFile; fileRef = 053FBAD40FA5128900DA370E /* ORSTinyURLShortener.m */; };
		053FBAE10FA5128900DA370E /* ORSTrimShortener.m in Sources */ = {isa = PBXBuildFile; fileRef = 053FBAD50FA5128900DA370E /* ORSTrimShortener.m */; };
		053FBAE20FA5128900DA370E /* ORSUrlborgShortener.m in Sources */ = {isa = PBXBuildFile; fileRef = 053FBAD70FA5128900DA370E /* ORSUrlborgShortener.m */; };
		053FBAEE0FA512C600DA370E /* ORSCredentialsManager.m in Sources */ = {isa = PBXBuildFile; fileRef = 053FBAEC0FA512C600DA370E /* ORSCredentialsManager.m */; };
		053FBAF10FA5139300DA370E /* main.m in Sources */ = {isa = PBXBuildFile; fileRef = 053FBAEF0FA5139300DA370E /* main.m */; };
		053FBB0E0FA514E100DA370E /* bitly.png in Resources */ = {isa = PBXBuildFile; fileRef = 053FBAF60FA514E100DA370E /* bitly.png */; };
		053FBB0F0FA514E100DA370E /* Canary.icns in Resources */ = {isa = PBXBuildFile; fileRef = 053FBAF70FA514E100DA370E /* Canary.icns */; };
		053FBB100FA514E100DA370E /* Canary.png in Resources */ = {isa = PBXBuildFile; fileRef = 053FBAF80FA514E100DA370E /* Canary.png */; };
		053FBB110FA514E100DA370E /* cligs.png in Resources */ = {isa = PBXBuildFile; fileRef = 053FBAF90FA514E100DA370E /* cligs.png */; };
		053FBB120FA514E100DA370E /* comment.png in Resources */ = {isa = PBXBuildFile; fileRef = 053FBAFA0FA514E100DA370E /* comment.png */; };
		053FBB130FA514E100DA370E /* comments.png in Resources */ = {isa = PBXBuildFile; fileRef = 053FBAFB0FA514E100DA370E /* comments.png */; };
		053FBB140FA514E100DA370E /* email.png in Resources */ = {isa = PBXBuildFile; fileRef = 053FBAFC0FA514E100DA370E /* email.png */; };
		053FBB150FA514E100DA370E /* error.png in Resources */ = {isa = PBXBuildFile; fileRef = 053FBAFD0FA514E100DA370E /* error.png */; };
		053FBB160FA514E100DA370E /* fave_star.png in Resources */ = {isa = PBXBuildFile; fileRef = 053FBAFE0FA514E100DA370E /* fave_star.png */; };
		053FBB170FA514E100DA370E /* Gradient1.png in Resources */ = {isa = PBXBuildFile; fileRef = 053FBAFF0FA514E100DA370E /* Gradient1.png */; };
		053FBB180FA514E100DA370E /* Gradient2.png in Resources */ = {isa = PBXBuildFile; fileRef = 053FBB000FA514E100DA370E /* Gradient2.png */; };
		053FBB190FA514E100DA370E /* information.png in Resources */ = {isa = PBXBuildFile; fileRef = 053FBB010FA514E100DA370E /* information.png */; };
		053FBB1A0FA514E100DA370E /* isgd.png in Resources */ = {isa = PBXBuildFile; fileRef = 053FBB020FA514E100DA370E /* isgd.png */; };
		053FBB1B0FA514E100DA370E /* LightGradient.png in Resources */ = {isa = PBXBuildFile; fileRef = 053FBB030FA514E100DA370E /* LightGradient.png */; };
		053FBB1C0FA514E100DA370E /* message.png in Resources */ = {isa = PBXBuildFile; fileRef = 053FBB040FA514E100DA370E /* message.png */; };
		053FBB1D0FA514E100DA370E /* picture_link.png in Resources */ = {isa = PBXBuildFile; fileRef = 053FBB050FA514E100DA370E /* picture_link.png */; };
		053FBB1E0FA514E100DA370E /* tinyurl.png in Resources */ = {isa = PBXBuildFile; fileRef = 053FBB060FA514E100DA370E /* tinyurl.png */; };
		053FBB1F0FA514E100DA370E /* trim.png in Resources */ = {isa = PBXBuildFile; fileRef = 053FBB070FA514E100DA370E /* trim.png */; };
		053FBB200FA514E100DA370E /* urlborg.png in Resources */ = {isa = PBXBuildFile; fileRef = 053FBB080FA514E100DA370E /* urlborg.png */; };
		053FBB210FA514E100DA370E /* user_add.png in Resources */ = {isa = PBXBuildFile; fileRef = 053FBB090FA514E100DA370E /* user_add.png */; };
		053FBB220FA514E100DA370E /* user_delete.png in Resources */ = {isa = PBXBuildFile; fileRef = 053FBB0A0FA514E100DA370E /* user_delete.png */; };
		053FBB230FA514E100DA370E /* user_green.png in Resources */ = {isa = PBXBuildFile; fileRef = 053FBB0B0FA514E100DA370E /* user_green.png */; };
		053FBB240FA514E100DA370E /* user_red.png in Resources */ = {isa = PBXBuildFile; fileRef = 053FBB0C0FA514E100DA370E /* user_red.png */; };
		053FBB250FA514E100DA370E /* user.png in Resources */ = {isa = PBXBuildFile; fileRef = 053FBB0D0FA514E100DA370E /* user.png */; };
		053FBBA30FA5150E00DA370E /* Growl Registration Ticket.growlRegDict in Resources */ = {isa = PBXBuildFile; fileRef = 053FBB260FA5150E00DA370E /* Growl Registration Ticket.growlRegDict */; };
		053FBBFE0FA5150E00DA370E /* dsa_pub.pem in Resources */ = {isa = PBXBuildFile; fileRef = 053FBB880FA5150E00DA370E /* dsa_pub.pem */; };
		053FBC170FA5154000DA370E /* LoginWindow.xib in Resources */ = {isa = PBXBuildFile; fileRef = 053FBC0D0FA5154000DA370E /* LoginWindow.xib */; };
		053FBC180FA5154000DA370E /* InfoPlist.strings in Resources */ = {isa = PBXBuildFile; fileRef = 053FBC0F0FA5154000DA370E /* InfoPlist.strings */; };
		053FBC190FA5154000DA370E /* MainMenu.xib in Resources */ = {isa = PBXBuildFile; fileRef = 053FBC110FA5154000DA370E /* MainMenu.xib */; };
		053FBC1A0FA5154000DA370E /* Preferences.xib in Resources */ = {isa = PBXBuildFile; fileRef = 053FBC130FA5154000DA370E /* Preferences.xib */; };
		053FBC1B0FA5154000DA370E /* About.xib in Resources */ = {isa = PBXBuildFile; fileRef = 053FBC150FA5154000DA370E /* About.xib */; };
		053FBC270FA515E100DA370E /* Sparkle.framework in Frameworks */ = {isa = PBXBuildFile; fileRef = 053FBC240FA515E100DA370E /* Sparkle.framework */; };
		053FBC280FA515E100DA370E /* Growl.framework in Frameworks */ = {isa = PBXBuildFile; fileRef = 053FBC250FA515E100DA370E /* Growl.framework */; };
		053FBCC80FA51DA300DA370E /* Sparkle.framework in CopyFiles */ = {isa = PBXBuildFile; fileRef = 053FBC240FA515E100DA370E /* Sparkle.framework */; };
		053FBCC90FA51DA300DA370E /* Growl.framework in CopyFiles */ = {isa = PBXBuildFile; fileRef = 053FBC250FA515E100DA370E /* Growl.framework */; };
		055990B3105784A8009E3CA8 /* ORSScreenNameToBooleanTransformer.m in Sources */ = {isa = PBXBuildFile; fileRef = 055990B2105784A8009E3CA8 /* ORSScreenNameToBooleanTransformer.m */; };
		05656BA5103AB7A70095BF38 /* BWToolkitFramework.framework in Frameworks */ = {isa = PBXBuildFile; fileRef = 05656BA4103AB7A70095BF38 /* BWToolkitFramework.framework */; };
		05656BA8103AB7B30095BF38 /* BWToolkitFramework.framework in CopyFiles */ = {isa = PBXBuildFile; fileRef = 05656BA4103AB7A70095BF38 /* BWToolkitFramework.framework */; };
		05656D27103AD5C50095BF38 /* favoritesTemplate.pdf in Resources */ = {isa = PBXBuildFile; fileRef = 05656D23103AD5C50095BF38 /* favoritesTemplate.pdf */; };
		05656D28103AD5C50095BF38 /* friendsTemplate.pdf in Resources */ = {isa = PBXBuildFile; fileRef = 05656D24103AD5C50095BF38 /* friendsTemplate.pdf */; };
		05656D29103AD5C50095BF38 /* messagesTemplate.pdf in Resources */ = {isa = PBXBuildFile; fileRef = 05656D25103AD5C50095BF38 /* messagesTemplate.pdf */; };
		05656D2A103AD5C50095BF38 /* mentionsTemplate.pdf in Resources */ = {isa = PBXBuildFile; fileRef = 05656D26103AD5C50095BF38 /* mentionsTemplate.pdf */; };
		0573D7340DA6650B002D1CCF /* Security.framework in Frameworks */ = {isa = PBXBuildFile; fileRef = 0573D7330DA6650B002D1CCF /* Security.framework */; };
		057E321C0F91E19A0055B843 /* ScriptingBridge.framework in Frameworks */ = {isa = PBXBuildFile; fileRef = 057E321B0F91E19A0055B843 /* ScriptingBridge.framework */; };
		05A216A70FDD3FB1004748C4 /* ORSCanaryPreferences.m in Sources */ = {isa = PBXBuildFile; fileRef = 05A216A60FDD3FB1004748C4 /* ORSCanaryPreferences.m */; };
		05A5D7820F03F0D100B596A9 /* Quartz.framework in Frameworks */ = {isa = PBXBuildFile; fileRef = 05A5D7810F03F0D100B596A9 /* Quartz.framework */; };
		05C05A00103C08FE00C70832 /* ORSTwitterEngine+Help.m in Sources */ = {isa = PBXBuildFile; fileRef = 05C059FF103C08FE00C70832 /* ORSTwitterEngine+Help.m */; };
		05C05A22103C09AC00C70832 /* ORSTwitterEngine+OAuth.m in Sources */ = {isa = PBXBuildFile; fileRef = 05C05A21103C09AC00C70832 /* ORSTwitterEngine+OAuth.m */; };
		05C05A2D103C248A00C70832 /* ORSTwitterEngine+SavedSearches.m in Sources */ = {isa = PBXBuildFile; fileRef = 05C05A2C103C248A00C70832 /* ORSTwitterEngine+SavedSearches.m */; };
		05C05AAD103C2CF600C70832 /* ORSTwitterEngine+Block.m in Sources */ = {isa = PBXBuildFile; fileRef = 05C05AAC103C2CF600C70832 /* ORSTwitterEngine+Block.m */; };
		05C05B52103D2EF600C70832 /* ORSTwitterEngine+Notification.m in Sources */ = {isa = PBXBuildFile; fileRef = 05C05B51103D2EF600C70832 /* ORSTwitterEngine+Notification.m */; };
		05C05BB4103D32F000C70832 /* ORSTwitterEngine+Favorite.m in Sources */ = {isa = PBXBuildFile; fileRef = 05C05BB3103D32F000C70832 /* ORSTwitterEngine+Favorite.m */; };
		05C05C67103D3C9A00C70832 /* ORSTwitterEngine+Account.m in Sources */ = {isa = PBXBuildFile; fileRef = 05C05C66103D3C9A00C70832 /* ORSTwitterEngine+Account.m */; };
		05C05CCE103D4FF500C70832 /* NSColor+Hexadecimal.m in Sources */ = {isa = PBXBuildFile; fileRef = 05C05CCD103D4FF500C70832 /* NSColor+Hexadecimal.m */; };
		05C05D74103D71DC00C70832 /* ORSTwitterEngine+SocialGraph.m in Sources */ = {isa = PBXBuildFile; fileRef = 05C05D73103D71DC00C70832 /* ORSTwitterEngine+SocialGraph.m */; };
		05C05DB6103D996100C70832 /* ORSTwitterEngine+Friendship.m in Sources */ = {isa = PBXBuildFile; fileRef = 05C05DB5103D996100C70832 /* ORSTwitterEngine+Friendship.m */; };
		05C05F0F103E9AF700C70832 /* ORSTwitterEngine+Status.m in Sources */ = {isa = PBXBuildFile; fileRef = 05C05F0E103E9AF700C70832 /* ORSTwitterEngine+Status.m */; };
		05C0613A103ED16000C70832 /* searchTemplate.pdf in Resources */ = {isa = PBXBuildFile; fileRef = 05C06139103ED16000C70832 /* searchTemplate.pdf */; };
		05FF7475103AAE0200E053E0 /* sieveTemplate.pdf in Resources */ = {isa = PBXBuildFile; fileRef = 05FF7473103AAE0200E053E0 /* sieveTemplate.pdf */; };
		8D11072F0486CEB800E47090 /* Cocoa.framework in Frameworks */ = {isa = PBXBuildFile; fileRef = 1058C7A1FEA54F0111CA2CBB /* Cocoa.framework */; };
/* End PBXBuildFile section */

/* Begin PBXCopyFilesBuildPhase section */
		0594913F0ED6038200874CB4 /* CopyFiles */ = {
			isa = PBXCopyFilesBuildPhase;
			buildActionMask = 2147483647;
			dstPath = "";
			dstSubfolderSpec = 10;
			files = (
				05656BA8103AB7B30095BF38 /* BWToolkitFramework.framework in CopyFiles */,
				053FBCC80FA51DA300DA370E /* Sparkle.framework in CopyFiles */,
				053FBCC90FA51DA300DA370E /* Growl.framework in CopyFiles */,
			);
			runOnlyForDeploymentPostprocessing = 0;
		};
/* End PBXCopyFilesBuildPhase section */

/* Begin PBXFileReference section */
		053FB9950FA4D4B300DA370E /* BWToolkit License.rtf */ = {isa = PBXFileReference; lastKnownFileType = text.rtf; path = "BWToolkit License.rtf"; sourceTree = "<group>"; };
		053FB9960FA4D4B300DA370E /* Canary License.rtf */ = {isa = PBXFileReference; lastKnownFileType = text.rtf; path = "Canary License.rtf"; sourceTree = "<group>"; };
		053FB9970FA4D4B300DA370E /* Copyright and license info.rtf */ = {isa = PBXFileReference; lastKnownFileType = text.rtf; path = "Copyright and license info.rtf"; sourceTree = "<group>"; };
		053FB9980FA4D4B300DA370E /* Growl License.txt */ = {isa = PBXFileReference; fileEncoding = 4; lastKnownFileType = text; path = "Growl License.txt"; sourceTree = "<group>"; };
		053FB9990FA4D4B300DA370E /* Sparkle License.txt */ = {isa = PBXFileReference; fileEncoding = 4; lastKnownFileType = text; path = "Sparkle License.txt"; sourceTree = "<group>"; };
		053FBA380FA50EC700DA370E /* NSString+ORSCanaryAdditions.h */ = {isa = PBXFileReference; fileEncoding = 4; lastKnownFileType = sourcecode.c.h; name = "NSString+ORSCanaryAdditions.h"; path = "Classes/Controller/NSString+ORSCanaryAdditions.h"; sourceTree = "<group>"; };
		053FBA390FA50EC700DA370E /* NSString+ORSCanaryAdditions.m */ = {isa = PBXFileReference; fileEncoding = 4; lastKnownFileType = sourcecode.c.objc; name = "NSString+ORSCanaryAdditions.m"; path = "Classes/Controller/NSString+ORSCanaryAdditions.m"; sourceTree = "<group>"; };
		053FBA3A0FA50EC700DA370E /* ORSCanaryController.h */ = {isa = PBXFileReference; fileEncoding = 4; lastKnownFileType = sourcecode.c.h; name = ORSCanaryController.h; path = Classes/Controller/ORSCanaryController.h; sourceTree = "<group>"; };
		053FBA3B0FA50EC700DA370E /* NSMutableAttributedString+ORSCanaryAdditions.m */ = {isa = PBXFileReference; fileEncoding = 4; lastKnownFileType = sourcecode.c.objc; name = "NSMutableAttributedString+ORSCanaryAdditions.m"; path = "Classes/Controller/NSMutableAttributedString+ORSCanaryAdditions.m"; sourceTree = "<group>"; };
		053FBA3C0FA50EC700DA370E /* ORSCanaryController+Growl.m */ = {isa = PBXFileReference; fileEncoding = 4; lastKnownFileType = sourcecode.c.objc; name = "ORSCanaryController+Growl.m"; path = "Classes/Controller/ORSCanaryController+Growl.m"; sourceTree = "<group>"; };
		053FBA3D0FA50EC700DA370E /* NSMutableAttributedString+ORSCanaryAdditions.h */ = {isa = PBXFileReference; fileEncoding = 4; lastKnownFileType = sourcecode.c.h; name = "NSMutableAttributedString+ORSCanaryAdditions.h"; path = "Classes/Controller/NSMutableAttributedString+ORSCanaryAdditions.h"; sourceTree = "<group>"; };
		053FBA3E0FA50EC700DA370E /* ORSCanaryController+Growl.h */ = {isa = PBXFileReference; fileEncoding = 4; lastKnownFileType = sourcecode.c.h; name = "ORSCanaryController+Growl.h"; path = "Classes/Controller/ORSCanaryController+Growl.h"; sourceTree = "<group>"; };
		053FBA3F0FA50EC700DA370E /* ORSCanaryController.m */ = {isa = PBXFileReference; fileEncoding = 4; lastKnownFileType = sourcecode.c.objc; name = ORSCanaryController.m; path = Classes/Controller/ORSCanaryController.m; sourceTree = "<group>"; };
		053FBA400FA50EC700DA370E /* iTunes.h */ = {isa = PBXFileReference; fileEncoding = 4; lastKnownFileType = sourcecode.c.h; name = iTunes.h; path = Classes/Controller/iTunes.h; sourceTree = "<group>"; };
		053FBA520FA50FA900DA370E /* ORSDateDifferenceFormatter.h */ = {isa = PBXFileReference; fileEncoding = 4; lastKnownFileType = sourcecode.c.h; name = ORSDateDifferenceFormatter.h; path = Classes/Controller/Controls/ORSDateDifferenceFormatter.h; sourceTree = "<group>"; };
		053FBA530FA50FA900DA370E /* ORSCanaryStatusView.m */ = {isa = PBXFileReference; fileEncoding = 4; lastKnownFileType = sourcecode.c.objc; name = ORSCanaryStatusView.m; path = Classes/Controller/Controls/ORSCanaryStatusView.m; sourceTree = "<group>"; };
		053FBA540FA50FA900DA370E /* ORSCanaryUnderlinedButtonCell.m */ = {isa = PBXFileReference; fileEncoding = 4; lastKnownFileType = sourcecode.c.objc; name = ORSCanaryUnderlinedButtonCell.m; path = Classes/Controller/Controls/ORSCanaryUnderlinedButtonCell.m; sourceTree = "<group>"; };
		053FBA550FA50FA900DA370E /* ORSCanaryStatusView.h */ = {isa = PBXFileReference; fileEncoding = 4; lastKnownFileType = sourcecode.c.h; name = ORSCanaryStatusView.h; path = Classes/Controller/Controls/ORSCanaryStatusView.h; sourceTree = "<group>"; };
		053FBA560FA50FA900DA370E /* ORSCanaryNewStatusTextFieldCell.m */ = {isa = PBXFileReference; fileEncoding = 4; lastKnownFileType = sourcecode.c.objc; name = ORSCanaryNewStatusTextFieldCell.m; path = Classes/Controller/Controls/ORSCanaryNewStatusTextFieldCell.m; sourceTree = "<group>"; };
		053FBA570FA50FA900DA370E /* ORSCanaryUnderlinedButtonCell.h */ = {isa = PBXFileReference; fileEncoding = 4; lastKnownFileType = sourcecode.c.h; name = ORSCanaryUnderlinedButtonCell.h; path = Classes/Controller/Controls/ORSCanaryUnderlinedButtonCell.h; sourceTree = "<group>"; };
		053FBA580FA50FA900DA370E /* ORSImageView.m */ = {isa = PBXFileReference; fileEncoding = 4; lastKnownFileType = sourcecode.c.objc; name = ORSImageView.m; path = Classes/Controller/Controls/ORSImageView.m; sourceTree = "<group>"; };
		053FBA590FA50FA900DA370E /* ORSCanaryNewStatusTextFieldCell.h */ = {isa = PBXFileReference; fileEncoding = 4; lastKnownFileType = sourcecode.c.h; name = ORSCanaryNewStatusTextFieldCell.h; path = Classes/Controller/Controls/ORSCanaryNewStatusTextFieldCell.h; sourceTree = "<group>"; };
		053FBA5A0FA50FA900DA370E /* ORSCanaryTextFieldCell.m */ = {isa = PBXFileReference; fileEncoding = 4; lastKnownFileType = sourcecode.c.objc; name = ORSCanaryTextFieldCell.m; path = Classes/Controller/Controls/ORSCanaryTextFieldCell.m; sourceTree = "<group>"; };
		053FBA5B0FA50FA900DA370E /* ORSImageView.h */ = {isa = PBXFileReference; fileEncoding = 4; lastKnownFileType = sourcecode.c.h; name = ORSImageView.h; path = Classes/Controller/Controls/ORSImageView.h; sourceTree = "<group>"; };
		053FBA5C0FA50FA900DA370E /* ORSCanaryCollectionView.m */ = {isa = PBXFileReference; fileEncoding = 4; lastKnownFileType = sourcecode.c.objc; name = ORSCanaryCollectionView.m; path = Classes/Controller/Controls/ORSCanaryCollectionView.m; sourceTree = "<group>"; };
		053FBA5D0FA50FA900DA370E /* ORSCanaryCollectionViewItem.h */ = {isa = PBXFileReference; fileEncoding = 4; lastKnownFileType = sourcecode.c.h; name = ORSCanaryCollectionViewItem.h; path = Classes/Controller/Controls/ORSCanaryCollectionViewItem.h; sourceTree = "<group>"; };
		053FBA5E0FA50FA900DA370E /* ORSCanaryCollectionViewItem.m */ = {isa = PBXFileReference; fileEncoding = 4; lastKnownFileType = sourcecode.c.objc; name = ORSCanaryCollectionViewItem.m; path = Classes/Controller/Controls/ORSCanaryCollectionViewItem.m; sourceTree = "<group>"; };
		053FBA5F0FA50FA900DA370E /* ORSCanaryDragView.h */ = {isa = PBXFileReference; fileEncoding = 4; lastKnownFileType = sourcecode.c.h; name = ORSCanaryDragView.h; path = Classes/Controller/Controls/ORSCanaryDragView.h; sourceTree = "<group>"; };
		053FBA600FA50FA900DA370E /* ORSCanaryCollectionView.h */ = {isa = PBXFileReference; fileEncoding = 4; lastKnownFileType = sourcecode.c.h; name = ORSCanaryCollectionView.h; path = Classes/Controller/Controls/ORSCanaryCollectionView.h; sourceTree = "<group>"; };
		053FBA610FA50FA900DA370E /* ORSCanaryDragView.m */ = {isa = PBXFileReference; fileEncoding = 4; lastKnownFileType = sourcecode.c.objc; name = ORSCanaryDragView.m; path = Classes/Controller/Controls/ORSCanaryDragView.m; sourceTree = "<group>"; };
		053FBA620FA50FA900DA370E /* ORSCanaryTextFieldCell.h */ = {isa = PBXFileReference; fileEncoding = 4; lastKnownFileType = sourcecode.c.h; name = ORSCanaryTextFieldCell.h; path = Classes/Controller/Controls/ORSCanaryTextFieldCell.h; sourceTree = "<group>"; };
		053FBA630FA50FA900DA370E /* ORSDateDifferenceFormatter.m */ = {isa = PBXFileReference; fileEncoding = 4; lastKnownFileType = sourcecode.c.objc; name = ORSDateDifferenceFormatter.m; path = Classes/Controller/Controls/ORSDateDifferenceFormatter.m; sourceTree = "<group>"; };
		053FBA790FA5103B00DA370E /* ORSCanaryLoginController.h */ = {isa = PBXFileReference; fileEncoding = 4; lastKnownFileType = sourcecode.c.h; name = ORSCanaryLoginController.h; path = "Classes/Controller/Other Controllers/ORSCanaryLoginController.h"; sourceTree = "<group>"; };
		053FBA7A0FA5103B00DA370E /* ORSCanaryLoginController.m */ = {isa = PBXFileReference; fileEncoding = 4; lastKnownFileType = sourcecode.c.objc; name = ORSCanaryLoginController.m; path = "Classes/Controller/Other Controllers/ORSCanaryLoginController.m"; sourceTree = "<group>"; };
		053FBA7B0FA5103B00DA370E /* ORSCanaryPreferencesController.h */ = {isa = PBXFileReference; fileEncoding = 4; lastKnownFileType = sourcecode.c.h; name = ORSCanaryPreferencesController.h; path = "Classes/Controller/Other Controllers/ORSCanaryPreferencesController.h"; sourceTree = "<group>"; };
		053FBA7C0FA5103B00DA370E /* ORSCanaryAboutController.m */ = {isa = PBXFileReference; fileEncoding = 4; lastKnownFileType = sourcecode.c.objc; name = ORSCanaryAboutController.m; path = "Classes/Controller/Other Controllers/ORSCanaryAboutController.m"; sourceTree = "<group>"; };
		053FBA7D0FA5103B00DA370E /* ORSCanaryAboutController.h */ = {isa = PBXFileReference; fileEncoding = 4; lastKnownFileType = sourcecode.c.h; name = ORSCanaryAboutController.h; path = "Classes/Controller/Other Controllers/ORSCanaryAboutController.h"; sourceTree = "<group>"; };
		053FBA7E0FA5103B00DA370E /* ORSCanaryPreferencesController.m */ = {isa = PBXFileReference; fileEncoding = 4; lastKnownFileType = sourcecode.c.objc; name = ORSCanaryPreferencesController.m; path = "Classes/Controller/Other Controllers/ORSCanaryPreferencesController.m"; sourceTree = "<group>"; };
		053FBA820FA510BC00DA370E /* NSString+Base64.h */ = {isa = PBXFileReference; fileEncoding = 4; lastKnownFileType = sourcecode.c.h; name = "NSString+Base64.h"; path = "Classes/Model/Twitter Engine/Base64 Encoding/NSString+Base64.h"; sourceTree = "<group>"; };
		053FBA830FA510BC00DA370E /* NSString+Base64.m */ = {isa = PBXFileReference; fileEncoding = 4; lastKnownFileType = sourcecode.c.objc; name = "NSString+Base64.m"; path = "Classes/Model/Twitter Engine/Base64 Encoding/NSString+Base64.m"; sourceTree = "<group>"; };
		053FBA840FA510BC00DA370E /* base64.h */ = {isa = PBXFileReference; fileEncoding = 4; lastKnownFileType = sourcecode.c.h; name = base64.h; path = "Classes/Model/Twitter Engine/Base64 Encoding/base64.h"; sourceTree = "<group>"; };
		053FBA850FA510BC00DA370E /* base64.c */ = {isa = PBXFileReference; fileEncoding = 4; lastKnownFileType = sourcecode.c.c; name = base64.c; path = "Classes/Model/Twitter Engine/Base64 Encoding/base64.c"; sourceTree = "<group>"; };
		053FBA8C0FA510FE00DA370E /* NSXMLNode+ORSTwitterStatusAdditions.m */ = {isa = PBXFileReference; fileEncoding = 4; lastKnownFileType = sourcecode.c.objc; name = "NSXMLNode+ORSTwitterStatusAdditions.m"; path = "Classes/Model/Twitter Engine/NSXMLNode Additions/NSXMLNode+ORSTwitterStatusAdditions.m"; sourceTree = "<group>"; };
		053FBA8D0FA510FE00DA370E /* NSXMLNode+ORSTwitterStatusAdditions.h */ = {isa = PBXFileReference; fileEncoding = 4; lastKnownFileType = sourcecode.c.h; name = "NSXMLNode+ORSTwitterStatusAdditions.h"; path = "Classes/Model/Twitter Engine/NSXMLNode Additions/NSXMLNode+ORSTwitterStatusAdditions.h"; sourceTree = "<group>"; };
		053FBA8E0FA510FE00DA370E /* NSXMLNode+ORSTwitterDMAdditions.m */ = {isa = PBXFileReference; fileEncoding = 4; lastKnownFileType = sourcecode.c.objc; name = "NSXMLNode+ORSTwitterDMAdditions.m"; path = "Classes/Model/Twitter Engine/NSXMLNode Additions/NSXMLNode+ORSTwitterDMAdditions.m"; sourceTree = "<group>"; };
		053FBA8F0FA510FE00DA370E /* NSXMLNode+ORSTwitterDMAdditions.h */ = {isa = PBXFileReference; fileEncoding = 4; lastKnownFileType = sourcecode.c.h; name = "NSXMLNode+ORSTwitterDMAdditions.h"; path = "Classes/Model/Twitter Engine/NSXMLNode Additions/NSXMLNode+ORSTwitterDMAdditions.h"; sourceTree = "<group>"; };
		053FBA970FA511A900DA370E /* ORSAsyncTwitPicDispatcher.h */ = {isa = PBXFileReference; fileEncoding = 4; lastKnownFileType = sourcecode.c.h; name = ORSAsyncTwitPicDispatcher.h; path = "Classes/Model/Twitter Engine/ORSAsyncTwitPicDispatcher.h"; sourceTree = "<group>"; };
		053FBA980FA511A900DA370E /* ORSTwitterEngine+User.h */ = {isa = PBXFileReference; fileEncoding = 4; lastKnownFileType = sourcecode.c.h; name = "ORSTwitterEngine+User.h"; path = "Classes/Model/Twitter Engine/ORSTwitterEngine+User.h"; sourceTree = "<group>"; };
		053FBA990FA511A900DA370E /* ORSTwitterEngine+User.m */ = {isa = PBXFileReference; fileEncoding = 4; lastKnownFileType = sourcecode.c.objc; name = "ORSTwitterEngine+User.m"; path = "Classes/Model/Twitter Engine/ORSTwitterEngine+User.m"; sourceTree = "<group>"; };
		053FBA9A0FA511A900DA370E /* ORSTwitterEngine+Timeline.m */ = {isa = PBXFileReference; fileEncoding = 4; lastKnownFileType = sourcecode.c.objc; name = "ORSTwitterEngine+Timeline.m"; path = "Classes/Model/Twitter Engine/ORSTwitterEngine+Timeline.m"; sourceTree = "<group>"; };
		053FBA9B0FA511A900DA370E /* ORSTwitterEngine+DirectMessage.h */ = {isa = PBXFileReference; fileEncoding = 4; lastKnownFileType = sourcecode.c.h; name = "ORSTwitterEngine+DirectMessage.h"; path = "Classes/Model/Twitter Engine/ORSTwitterEngine+DirectMessage.h"; sourceTree = "<group>"; };
		053FBA9C0FA511A900DA370E /* ORSTwitterEngine+DirectMessage.m */ = {isa = PBXFileReference; fileEncoding = 4; lastKnownFileType = sourcecode.c.objc; name = "ORSTwitterEngine+DirectMessage.m"; path = "Classes/Model/Twitter Engine/ORSTwitterEngine+DirectMessage.m"; sourceTree = "<group>"; };
		053FBA9E0FA511A900DA370E /* ORSTwitterEngine.m */ = {isa = PBXFileReference; fileEncoding = 4; lastKnownFileType = sourcecode.c.objc; name = ORSTwitterEngine.m; path = "Classes/Model/Twitter Engine/ORSTwitterEngine.m"; sourceTree = "<group>"; };
		053FBA9F0FA511A900DA370E /* ORSTwitterEngine+Timeline.h */ = {isa = PBXFileReference; fileEncoding = 4; lastKnownFileType = sourcecode.c.h; name = "ORSTwitterEngine+Timeline.h"; path = "Classes/Model/Twitter Engine/ORSTwitterEngine+Timeline.h"; sourceTree = "<group>"; };
		053FBAA00FA511A900DA370E /* ORSUpdateDispatcher.m */ = {isa = PBXFileReference; fileEncoding = 4; lastKnownFileType = sourcecode.c.objc; name = ORSUpdateDispatcher.m; path = "Classes/Model/Twitter Engine/ORSUpdateDispatcher.m"; sourceTree = "<group>"; };
		053FBAA10FA511A900DA370E /* ORSTwitterEngine.h */ = {isa = PBXFileReference; fileEncoding = 4; lastKnownFileType = sourcecode.c.h; name = ORSTwitterEngine.h; path = "Classes/Model/Twitter Engine/ORSTwitterEngine.h"; sourceTree = "<group>"; };
		053FBAA30FA511A900DA370E /* ORSUpdateDispatcher.h */ = {isa = PBXFileReference; fileEncoding = 4; lastKnownFileType = sourcecode.c.h; name = ORSUpdateDispatcher.h; path = "Classes/Model/Twitter Engine/ORSUpdateDispatcher.h"; sourceTree = "<group>"; };
		053FBAA40FA511A900DA370E /* ORSTimelineCacheManager.h */ = {isa = PBXFileReference; fileEncoding = 4; lastKnownFileType = sourcecode.c.h; name = ORSTimelineCacheManager.h; path = "Classes/Model/Twitter Engine/ORSTimelineCacheManager.h"; sourceTree = "<group>"; };
		053FBAA50FA511A900DA370E /* ORSTimelineCacheManager.m */ = {isa = PBXFileReference; fileEncoding = 4; lastKnownFileType = sourcecode.c.objc; name = ORSTimelineCacheManager.m; path = "Classes/Model/Twitter Engine/ORSTimelineCacheManager.m"; sourceTree = "<group>"; };
		053FBAA60FA511A900DA370E /* ORSTwitPicDispatcher.h */ = {isa = PBXFileReference; fileEncoding = 4; lastKnownFileType = sourcecode.c.h; name = ORSTwitPicDispatcher.h; path = "Classes/Model/Twitter Engine/ORSTwitPicDispatcher.h"; sourceTree = "<group>"; };
		053FBAA70FA511A900DA370E /* ORSTwitPicDispatcher.m */ = {isa = PBXFileReference; fileEncoding = 4; lastKnownFileType = sourcecode.c.objc; name = ORSTwitPicDispatcher.m; path = "Classes/Model/Twitter Engine/ORSTwitPicDispatcher.m"; sourceTree = "<group>"; };
		053FBAA80FA511A900DA370E /* ORSSession.m */ = {isa = PBXFileReference; fileEncoding = 4; lastKnownFileType = sourcecode.c.objc; name = ORSSession.m; path = "Classes/Model/Twitter Engine/ORSSession.m"; sourceTree = "<group>"; };
		053FBAA90FA511A900DA370E /* ORSAsyncTwitPicDispatcher.m */ = {isa = PBXFileReference; fileEncoding = 4; lastKnownFileType = sourcecode.c.objc; name = ORSAsyncTwitPicDispatcher.m; path = "Classes/Model/Twitter Engine/ORSAsyncTwitPicDispatcher.m"; sourceTree = "<group>"; };
		053FBAAA0FA511A900DA370E /* ORSSession.h */ = {isa = PBXFileReference; fileEncoding = 4; lastKnownFileType = sourcecode.c.h; name = ORSSession.h; path = "Classes/Model/Twitter Engine/ORSSession.h"; sourceTree = "<group>"; };
		053FBAB80FA5121100DA370E /* ORSFilterArrayTransformer.h */ = {isa = PBXFileReference; fileEncoding = 4; lastKnownFileType = sourcecode.c.h; name = ORSFilterArrayTransformer.h; path = Classes/Model/Filters/ORSFilterArrayTransformer.h; sourceTree = "<group>"; };
		053FBAB90FA5121100DA370E /* ORSFilterArrayTransformer.m */ = {isa = PBXFileReference; fileEncoding = 4; lastKnownFileType = sourcecode.c.objc; name = ORSFilterArrayTransformer.m; path = Classes/Model/Filters/ORSFilterArrayTransformer.m; sourceTree = "<group>"; };
		053FBABA0FA5121100DA370E /* ORSFilterTransformer.h */ = {isa = PBXFileReference; fileEncoding = 4; lastKnownFileType = sourcecode.c.h; name = ORSFilterTransformer.h; path = Classes/Model/Filters/ORSFilterTransformer.h; sourceTree = "<group>"; };
		053FBABB0FA5121100DA370E /* ORSFilter.m */ = {isa = PBXFileReference; fileEncoding = 4; lastKnownFileType = sourcecode.c.objc; name = ORSFilter.m; path = Classes/Model/Filters/ORSFilter.m; sourceTree = "<group>"; };
		053FBABC0FA5121100DA370E /* ORSFilterTransformer.m */ = {isa = PBXFileReference; fileEncoding = 4; lastKnownFileType = sourcecode.c.objc; name = ORSFilterTransformer.m; path = Classes/Model/Filters/ORSFilterTransformer.m; sourceTree = "<group>"; };
		053FBABD0FA5121100DA370E /* ORSFilter.h */ = {isa = PBXFileReference; fileEncoding = 4; lastKnownFileType = sourcecode.c.h; name = ORSFilter.h; path = Classes/Model/Filters/ORSFilter.h; sourceTree = "<group>"; };
		053FBAC40FA5128900DA370E /* ORSAbstractShortener.h */ = {isa = PBXFileReference; fileEncoding = 4; lastKnownFileType = sourcecode.c.h; name = ORSAbstractShortener.h; path = "Classes/Model/URL Shorteners/ORSAbstractShortener.h"; sourceTree = "<group>"; };
		053FBAC50FA5128900DA370E /* ORSAbstractShortener.m */ = {isa = PBXFileReference; fileEncoding = 4; lastKnownFileType = sourcecode.c.objc; name = ORSAbstractShortener.m; path = "Classes/Model/URL Shorteners/ORSAbstractShortener.m"; sourceTree = "<group>"; };
		053FBAC60FA5128900DA370E /* ORSAdjixShortener.h */ = {isa = PBXFileReference; fileEncoding = 4; lastKnownFileType = sourcecode.c.h; name = ORSAdjixShortener.h; path = "Classes/Model/URL Shorteners/ORSAdjixShortener.h"; sourceTree = "<group>"; };
		053FBAC70FA5128900DA370E /* ORSAdjixShortener.m */ = {isa = PBXFileReference; fileEncoding = 4; lastKnownFileType = sourcecode.c.objc; name = ORSAdjixShortener.m; path = "Classes/Model/URL Shorteners/ORSAdjixShortener.m"; sourceTree = "<group>"; };
		053FBAC80FA5128900DA370E /* ORSBitlyShortener.h */ = {isa = PBXFileReference; fileEncoding = 4; lastKnownFileType = sourcecode.c.h; name = ORSBitlyShortener.h; path = "Classes/Model/URL Shorteners/ORSBitlyShortener.h"; sourceTree = "<group>"; };
		053FBAC90FA5128900DA370E /* ORSBitlyShortener.m */ = {isa = PBXFileReference; fileEncoding = 4; lastKnownFileType = sourcecode.c.objc; name = ORSBitlyShortener.m; path = "Classes/Model/URL Shorteners/ORSBitlyShortener.m"; sourceTree = "<group>"; };
		053FBACA0FA5128900DA370E /* ORSCligsShortener.h */ = {isa = PBXFileReference; fileEncoding = 4; lastKnownFileType = sourcecode.c.h; name = ORSCligsShortener.h; path = "Classes/Model/URL Shorteners/ORSCligsShortener.h"; sourceTree = "<group>"; };
		053FBACB0FA5128900DA370E /* ORSCligsShortener.m */ = {isa = PBXFileReference; fileEncoding = 4; lastKnownFileType = sourcecode.c.objc; name = ORSCligsShortener.m; path = "Classes/Model/URL Shorteners/ORSCligsShortener.m"; sourceTree = "<group>"; };
		053FBACC0FA5128900DA370E /* ORSIsgdShortener.h */ = {isa = PBXFileReference; fileEncoding = 4; lastKnownFileType = sourcecode.c.h; name = ORSIsgdShortener.h; path = "Classes/Model/URL Shorteners/ORSIsgdShortener.h"; sourceTree = "<group>"; };
		053FBACD0FA5128900DA370E /* ORSIsgdShortener.m */ = {isa = PBXFileReference; fileEncoding = 4; lastKnownFileType = sourcecode.c.objc; name = ORSIsgdShortener.m; path = "Classes/Model/URL Shorteners/ORSIsgdShortener.m"; sourceTree = "<group>"; };
		053FBACE0FA5128900DA370E /* ORSShortener.h */ = {isa = PBXFileReference; fileEncoding = 4; lastKnownFileType = sourcecode.c.h; name = ORSShortener.h; path = "Classes/Model/URL Shorteners/ORSShortener.h"; sourceTree = "<group>"; };
		053FBACF0FA5128900DA370E /* ORSShortenerFactory.h */ = {isa = PBXFileReference; fileEncoding = 4; lastKnownFileType = sourcecode.c.h; name = ORSShortenerFactory.h; path = "Classes/Model/URL Shorteners/ORSShortenerFactory.h"; sourceTree = "<group>"; };
		053FBAD00FA5128900DA370E /* ORSShortenerFactory.m */ = {isa = PBXFileReference; fileEncoding = 4; lastKnownFileType = sourcecode.c.objc; name = ORSShortenerFactory.m; path = "Classes/Model/URL Shorteners/ORSShortenerFactory.m"; sourceTree = "<group>"; };
		053FBAD10FA5128900DA370E /* ORSSnipURLShortener.h */ = {isa = PBXFileReference; fileEncoding = 4; lastKnownFileType = sourcecode.c.h; name = ORSSnipURLShortener.h; path = "Classes/Model/URL Shorteners/ORSSnipURLShortener.h"; sourceTree = "<group>"; };
		053FBAD20FA5128900DA370E /* ORSSnipURLShortener.m */ = {isa = PBXFileReference; fileEncoding = 4; lastKnownFileType = sourcecode.c.objc; name = ORSSnipURLShortener.m; path = "Classes/Model/URL Shorteners/ORSSnipURLShortener.m"; sourceTree = "<group>"; };
		053FBAD30FA5128900DA370E /* ORSTinyURLShortener.h */ = {isa = PBXFileReference; fileEncoding = 4; lastKnownFileType = sourcecode.c.h; name = ORSTinyURLShortener.h; path = "Classes/Model/URL Shorteners/ORSTinyURLShortener.h"; sourceTree = "<group>"; };
		053FBAD40FA5128900DA370E /* ORSTinyURLShortener.m */ = {isa = PBXFileReference; fileEncoding = 4; lastKnownFileType = sourcecode.c.objc; name = ORSTinyURLShortener.m; path = "Classes/Model/URL Shorteners/ORSTinyURLShortener.m"; sourceTree = "<group>"; };
		053FBAD50FA5128900DA370E /* ORSTrimShortener.m */ = {isa = PBXFileReference; fileEncoding = 4; lastKnownFileType = sourcecode.c.objc; name = ORSTrimShortener.m; path = "Classes/Model/URL Shorteners/ORSTrimShortener.m"; sourceTree = "<group>"; };
		053FBAD60FA5128900DA370E /* ORSUrlborgShortener.h */ = {isa = PBXFileReference; fileEncoding = 4; lastKnownFileType = sourcecode.c.h; name = ORSUrlborgShortener.h; path = "Classes/Model/URL Shorteners/ORSUrlborgShortener.h"; sourceTree = "<group>"; };
		053FBAD70FA5128900DA370E /* ORSUrlborgShortener.m */ = {isa = PBXFileReference; fileEncoding = 4; lastKnownFileType = sourcecode.c.objc; name = ORSUrlborgShortener.m; path = "Classes/Model/URL Shorteners/ORSUrlborgShortener.m"; sourceTree = "<group>"; };
		053FBAD80FA5128900DA370E /* ORSTrimShortener.h */ = {isa = PBXFileReference; fileEncoding = 4; lastKnownFileType = sourcecode.c.h; name = ORSTrimShortener.h; path = "Classes/Model/URL Shorteners/ORSTrimShortener.h"; sourceTree = "<group>"; };
		053FBAEC0FA512C600DA370E /* ORSCredentialsManager.m */ = {isa = PBXFileReference; fileEncoding = 4; lastKnownFileType = sourcecode.c.objc; name = ORSCredentialsManager.m; path = "Classes/Model/Credentials Manager/ORSCredentialsManager.m"; sourceTree = "<group>"; };
		053FBAED0FA512C600DA370E /* ORSCredentialsManager.h */ = {isa = PBXFileReference; fileEncoding = 4; lastKnownFileType = sourcecode.c.h; name = ORSCredentialsManager.h; path = "Classes/Model/Credentials Manager/ORSCredentialsManager.h"; sourceTree = "<group>"; };
		053FBAEF0FA5139300DA370E /* main.m */ = {isa = PBXFileReference; fileEncoding = 4; lastKnownFileType = sourcecode.c.objc; name = main.m; path = "Other Sources/main.m"; sourceTree = "<group>"; };
		053FBAF00FA5139300DA370E /* Canary_Prefix.pch */ = {isa = PBXFileReference; fileEncoding = 4; lastKnownFileType = sourcecode.c.h; name = Canary_Prefix.pch; path = "Other Sources/Canary_Prefix.pch"; sourceTree = "<group>"; };
		053FBAF60FA514E100DA370E /* bitly.png */ = {isa = PBXFileReference; lastKnownFileType = image.png; name = bitly.png; path = Resources/Images/bitly.png; sourceTree = "<group>"; };
		053FBAF70FA514E100DA370E /* Canary.icns */ = {isa = PBXFileReference; lastKnownFileType = image.icns; name = Canary.icns; path = Resources/Images/Canary.icns; sourceTree = "<group>"; };
		053FBAF80FA514E100DA370E /* Canary.png */ = {isa = PBXFileReference; lastKnownFileType = image.png; name = Canary.png; path = Resources/Images/Canary.png; sourceTree = "<group>"; };
		053FBAF90FA514E100DA370E /* cligs.png */ = {isa = PBXFileReference; lastKnownFileType = image.png; name = cligs.png; path = Resources/Images/cligs.png; sourceTree = "<group>"; };
		053FBAFA0FA514E100DA370E /* comment.png */ = {isa = PBXFileReference; lastKnownFileType = image.png; name = comment.png; path = Resources/Images/comment.png; sourceTree = "<group>"; };
		053FBAFB0FA514E100DA370E /* comments.png */ = {isa = PBXFileReference; lastKnownFileType = image.png; name = comments.png; path = Resources/Images/comments.png; sourceTree = "<group>"; };
		053FBAFC0FA514E100DA370E /* email.png */ = {isa = PBXFileReference; lastKnownFileType = image.png; name = email.png; path = Resources/Images/email.png; sourceTree = "<group>"; };
		053FBAFD0FA514E100DA370E /* error.png */ = {isa = PBXFileReference; lastKnownFileType = image.png; name = error.png; path = Resources/Images/error.png; sourceTree = "<group>"; };
		053FBAFE0FA514E100DA370E /* fave_star.png */ = {isa = PBXFileReference; lastKnownFileType = image.png; name = fave_star.png; path = Resources/Images/fave_star.png; sourceTree = "<group>"; };
		053FBAFF0FA514E100DA370E /* Gradient1.png */ = {isa = PBXFileReference; lastKnownFileType = image.png; name = Gradient1.png; path = Resources/Images/Gradient1.png; sourceTree = "<group>"; };
		053FBB000FA514E100DA370E /* Gradient2.png */ = {isa = PBXFileReference; lastKnownFileType = image.png; name = Gradient2.png; path = Resources/Images/Gradient2.png; sourceTree = "<group>"; };
		053FBB010FA514E100DA370E /* information.png */ = {isa = PBXFileReference; lastKnownFileType = image.png; name = information.png; path = Resources/Images/information.png; sourceTree = "<group>"; };
		053FBB020FA514E100DA370E /* isgd.png */ = {isa = PBXFileReference; lastKnownFileType = image.png; name = isgd.png; path = Resources/Images/isgd.png; sourceTree = "<group>"; };
		053FBB030FA514E100DA370E /* LightGradient.png */ = {isa = PBXFileReference; lastKnownFileType = image.png; name = LightGradient.png; path = Resources/Images/LightGradient.png; sourceTree = "<group>"; };
		053FBB040FA514E100DA370E /* message.png */ = {isa = PBXFileReference; lastKnownFileType = image.png; name = message.png; path = Resources/Images/message.png; sourceTree = "<group>"; };
		053FBB050FA514E100DA370E /* picture_link.png */ = {isa = PBXFileReference; lastKnownFileType = image.png; name = picture_link.png; path = Resources/Images/picture_link.png; sourceTree = "<group>"; };
		053FBB060FA514E100DA370E /* tinyurl.png */ = {isa = PBXFileReference; lastKnownFileType = image.png; name = tinyurl.png; path = Resources/Images/tinyurl.png; sourceTree = "<group>"; };
		053FBB070FA514E100DA370E /* trim.png */ = {isa = PBXFileReference; lastKnownFileType = image.png; name = trim.png; path = Resources/Images/trim.png; sourceTree = "<group>"; };
		053FBB080FA514E100DA370E /* urlborg.png */ = {isa = PBXFileReference; lastKnownFileType = image.png; name = urlborg.png; path = Resources/Images/urlborg.png; sourceTree = "<group>"; };
		053FBB090FA514E100DA370E /* user_add.png */ = {isa = PBXFileReference; lastKnownFileType = image.png; name = user_add.png; path = Resources/Images/user_add.png; sourceTree = "<group>"; };
		053FBB0A0FA514E100DA370E /* user_delete.png */ = {isa = PBXFileReference; lastKnownFileType = image.png; name = user_delete.png; path = Resources/Images/user_delete.png; sourceTree = "<group>"; };
		053FBB0B0FA514E100DA370E /* user_green.png */ = {isa = PBXFileReference; lastKnownFileType = image.png; name = user_green.png; path = Resources/Images/user_green.png; sourceTree = "<group>"; };
		053FBB0C0FA514E100DA370E /* user_red.png */ = {isa = PBXFileReference; lastKnownFileType = image.png; name = user_red.png; path = Resources/Images/user_red.png; sourceTree = "<group>"; };
		053FBB0D0FA514E100DA370E /* user.png */ = {isa = PBXFileReference; lastKnownFileType = image.png; name = user.png; path = Resources/Images/user.png; sourceTree = "<group>"; };
		053FBB260FA5150E00DA370E /* Growl Registration Ticket.growlRegDict */ = {isa = PBXFileReference; fileEncoding = 4; lastKnownFileType = text.xml; name = "Growl Registration Ticket.growlRegDict"; path = "Resources/Growl Registration Ticket.growlRegDict"; sourceTree = "<group>"; };
		053FBB880FA5150E00DA370E /* dsa_pub.pem */ = {isa = PBXFileReference; fileEncoding = 4; lastKnownFileType = text; name = dsa_pub.pem; path = Resources/dsa_pub.pem; sourceTree = "<group>"; };
		053FBC0E0FA5154000DA370E /* English */ = {isa = PBXFileReference; lastKnownFileType = file.xib; name = English; path = Resources/English.lproj/LoginWindow.xib; sourceTree = "<group>"; };
		053FBC100FA5154000DA370E /* English */ = {isa = PBXFileReference; fileEncoding = 4; lastKnownFileType = text.plist.strings; name = English; path = Resources/English.lproj/InfoPlist.strings; sourceTree = "<group>"; };
		053FBC120FA5154000DA370E /* English */ = {isa = PBXFileReference; lastKnownFileType = file.xib; name = English; path = Resources/English.lproj/MainMenu.xib; sourceTree = "<group>"; };
		053FBC140FA5154000DA370E /* English */ = {isa = PBXFileReference; lastKnownFileType = file.xib; name = English; path = Resources/English.lproj/Preferences.xib; sourceTree = "<group>"; };
		053FBC160FA5154000DA370E /* English */ = {isa = PBXFileReference; lastKnownFileType = file.xib; name = English; path = Resources/English.lproj/About.xib; sourceTree = "<group>"; };
		053FBC1D0FA5155F00DA370E /* German */ = {isa = PBXFileReference; lastKnownFileType = file.xib; name = German; path = Resources/German.lproj/Preferences.xib; sourceTree = "<group>"; };
		053FBC1E0FA5155F00DA370E /* German */ = {isa = PBXFileReference; lastKnownFileType = file.xib; name = German; path = Resources/German.lproj/MainMenu.xib; sourceTree = "<group>"; };
		053FBC1F0FA5155F00DA370E /* German */ = {isa = PBXFileReference; lastKnownFileType = file.xib; name = German; path = Resources/German.lproj/LoginWindow.xib; sourceTree = "<group>"; };
		053FBC200FA5155F00DA370E /* German */ = {isa = PBXFileReference; lastKnownFileType = file.xib; name = German; path = Resources/German.lproj/About.xib; sourceTree = "<group>"; };
		053FBC210FA5156E00DA370E /* Greek */ = {isa = PBXFileReference; lastKnownFileType = file.xib; name = Greek; path = Resources/Greek.lproj/LoginWindow.xib; sourceTree = "<group>"; };
		053FBC220FA5156E00DA370E /* Greek */ = {isa = PBXFileReference; lastKnownFileType = file.xib; name = Greek; path = Resources/Greek.lproj/About.xib; sourceTree = "<group>"; };
		053FBC240FA515E100DA370E /* Sparkle.framework */ = {isa = PBXFileReference; lastKnownFileType = wrapper.framework; name = Sparkle.framework; path = Additional/Sparkle.framework; sourceTree = "<group>"; };
		053FBC250FA515E100DA370E /* Growl.framework */ = {isa = PBXFileReference; lastKnownFileType = wrapper.framework; name = Growl.framework; path = Additional/Growl.framework; sourceTree = "<group>"; };
		053FBC660FA516A600DA370E /* Info.plist */ = {isa = PBXFileReference; fileEncoding = 4; lastKnownFileType = text.plist.xml; path = Info.plist; sourceTree = "<group>"; };
		055990B1105784A8009E3CA8 /* ORSScreenNameToBooleanTransformer.h */ = {isa = PBXFileReference; fileEncoding = 4; lastKnownFileType = sourcecode.c.h; name = ORSScreenNameToBooleanTransformer.h; path = Classes/Controller/ORSScreenNameToBooleanTransformer.h; sourceTree = "<group>"; };
		055990B2105784A8009E3CA8 /* ORSScreenNameToBooleanTransformer.m */ = {isa = PBXFileReference; fileEncoding = 4; lastKnownFileType = sourcecode.c.objc; name = ORSScreenNameToBooleanTransformer.m; path = Classes/Controller/ORSScreenNameToBooleanTransformer.m; sourceTree = "<group>"; };
		055990ED105786D0009E3CA8 /* README.textile */ = {isa = PBXFileReference; fileEncoding = 4; lastKnownFileType = text; path = README.textile; sourceTree = "<group>"; };
		05656BA4103AB7A70095BF38 /* BWToolkitFramework.framework */ = {isa = PBXFileReference; lastKnownFileType = wrapper.framework; name = BWToolkitFramework.framework; path = Additional/BWToolkitFramework.framework; sourceTree = "<group>"; };
		05656D23103AD5C50095BF38 /* favoritesTemplate.pdf */ = {isa = PBXFileReference; lastKnownFileType = image.pdf; name = favoritesTemplate.pdf; path = Resources/Images/favoritesTemplate.pdf; sourceTree = "<group>"; };
		05656D24103AD5C50095BF38 /* friendsTemplate.pdf */ = {isa = PBXFileReference; lastKnownFileType = image.pdf; name = friendsTemplate.pdf; path = Resources/Images/friendsTemplate.pdf; sourceTree = "<group>"; };
		05656D25103AD5C50095BF38 /* messagesTemplate.pdf */ = {isa = PBXFileReference; lastKnownFileType = image.pdf; name = messagesTemplate.pdf; path = Resources/Images/messagesTemplate.pdf; sourceTree = "<group>"; };
		05656D26103AD5C50095BF38 /* mentionsTemplate.pdf */ = {isa = PBXFileReference; lastKnownFileType = image.pdf; name = mentionsTemplate.pdf; path = Resources/Images/mentionsTemplate.pdf; sourceTree = "<group>"; };
		0573D7330DA6650B002D1CCF /* Security.framework */ = {isa = PBXFileReference; lastKnownFileType = wrapper.framework; name = Security.framework; path = System/Library/Frameworks/Security.framework; sourceTree = SDKROOT; };
		057E321B0F91E19A0055B843 /* ScriptingBridge.framework */ = {isa = PBXFileReference; lastKnownFileType = wrapper.framework; name = ScriptingBridge.framework; path = System/Library/Frameworks/ScriptingBridge.framework; sourceTree = SDKROOT; };
		05A216A50FDD3FB1004748C4 /* ORSCanaryPreferences.h */ = {isa = PBXFileReference; fileEncoding = 4; lastKnownFileType = sourcecode.c.h; name = ORSCanaryPreferences.h; path = Classes/Controller/ORSCanaryPreferences.h; sourceTree = "<group>"; };
		05A216A60FDD3FB1004748C4 /* ORSCanaryPreferences.m */ = {isa = PBXFileReference; fileEncoding = 4; lastKnownFileType = sourcecode.c.objc; name = ORSCanaryPreferences.m; path = Classes/Controller/ORSCanaryPreferences.m; sourceTree = "<group>"; };
		05A5D7810F03F0D100B596A9 /* Quartz.framework */ = {isa = PBXFileReference; lastKnownFileType = wrapper.framework; name = Quartz.framework; path = /System/Library/Frameworks/Quartz.framework; sourceTree = "<absolute>"; };
		05C059FE103C08FE00C70832 /* ORSTwitterEngine+Help.h */ = {isa = PBXFileReference; fileEncoding = 4; lastKnownFileType = sourcecode.c.h; name = "ORSTwitterEngine+Help.h"; path = "Classes/Model/Twitter Engine/ORSTwitterEngine+Help.h"; sourceTree = "<group>"; };
		05C059FF103C08FE00C70832 /* ORSTwitterEngine+Help.m */ = {isa = PBXFileReference; fileEncoding = 4; lastKnownFileType = sourcecode.c.objc; name = "ORSTwitterEngine+Help.m"; path = "Classes/Model/Twitter Engine/ORSTwitterEngine+Help.m"; sourceTree = "<group>"; };
		05C05A20103C09AC00C70832 /* ORSTwitterEngine+OAuth.h */ = {isa = PBXFileReference; fileEncoding = 4; lastKnownFileType = sourcecode.c.h; name = "ORSTwitterEngine+OAuth.h"; path = "Classes/Model/Twitter Engine/ORSTwitterEngine+OAuth.h"; sourceTree = "<group>"; };
		05C05A21103C09AC00C70832 /* ORSTwitterEngine+OAuth.m */ = {isa = PBXFileReference; fileEncoding = 4; lastKnownFileType = sourcecode.c.objc; name = "ORSTwitterEngine+OAuth.m"; path = "Classes/Model/Twitter Engine/ORSTwitterEngine+OAuth.m"; sourceTree = "<group>"; };
		05C05A2B103C248A00C70832 /* ORSTwitterEngine+SavedSearches.h */ = {isa = PBXFileReference; fileEncoding = 4; lastKnownFileType = sourcecode.c.h; name = "ORSTwitterEngine+SavedSearches.h"; path = "Classes/Model/Twitter Engine/ORSTwitterEngine+SavedSearches.h"; sourceTree = "<group>"; };
		05C05A2C103C248A00C70832 /* ORSTwitterEngine+SavedSearches.m */ = {isa = PBXFileReference; fileEncoding = 4; lastKnownFileType = sourcecode.c.objc; name = "ORSTwitterEngine+SavedSearches.m"; path = "Classes/Model/Twitter Engine/ORSTwitterEngine+SavedSearches.m"; sourceTree = "<group>"; };
		05C05AAB103C2CF600C70832 /* ORSTwitterEngine+Block.h */ = {isa = PBXFileReference; fileEncoding = 4; lastKnownFileType = sourcecode.c.h; name = "ORSTwitterEngine+Block.h"; path = "Classes/Model/Twitter Engine/ORSTwitterEngine+Block.h"; sourceTree = "<group>"; };
		05C05AAC103C2CF600C70832 /* ORSTwitterEngine+Block.m */ = {isa = PBXFileReference; fileEncoding = 4; lastKnownFileType = sourcecode.c.objc; name = "ORSTwitterEngine+Block.m"; path = "Classes/Model/Twitter Engine/ORSTwitterEngine+Block.m"; sourceTree = "<group>"; };
		05C05B50103D2EF600C70832 /* ORSTwitterEngine+Notification.h */ = {isa = PBXFileReference; fileEncoding = 4; lastKnownFileType = sourcecode.c.h; name = "ORSTwitterEngine+Notification.h"; path = "Classes/Model/Twitter Engine/ORSTwitterEngine+Notification.h"; sourceTree = "<group>"; };
		05C05B51103D2EF600C70832 /* ORSTwitterEngine+Notification.m */ = {isa = PBXFileReference; fileEncoding = 4; lastKnownFileType = sourcecode.c.objc; name = "ORSTwitterEngine+Notification.m"; path = "Classes/Model/Twitter Engine/ORSTwitterEngine+Notification.m"; sourceTree = "<group>"; };
		05C05BB2103D32F000C70832 /* ORSTwitterEngine+Favorite.h */ = {isa = PBXFileReference; fileEncoding = 4; lastKnownFileType = sourcecode.c.h; name = "ORSTwitterEngine+Favorite.h"; path = "Classes/Model/Twitter Engine/ORSTwitterEngine+Favorite.h"; sourceTree = "<group>"; };
		05C05BB3103D32F000C70832 /* ORSTwitterEngine+Favorite.m */ = {isa = PBXFileReference; fileEncoding = 4; lastKnownFileType = sourcecode.c.objc; name = "ORSTwitterEngine+Favorite.m"; path = "Classes/Model/Twitter Engine/ORSTwitterEngine+Favorite.m"; sourceTree = "<group>"; };
		05C05C65103D3C9A00C70832 /* ORSTwitterEngine+Account.h */ = {isa = PBXFileReference; fileEncoding = 4; lastKnownFileType = sourcecode.c.h; name = "ORSTwitterEngine+Account.h"; path = "Classes/Model/Twitter Engine/ORSTwitterEngine+Account.h"; sourceTree = "<group>"; };
		05C05C66103D3C9A00C70832 /* ORSTwitterEngine+Account.m */ = {isa = PBXFileReference; fileEncoding = 4; lastKnownFileType = sourcecode.c.objc; name = "ORSTwitterEngine+Account.m"; path = "Classes/Model/Twitter Engine/ORSTwitterEngine+Account.m"; sourceTree = "<group>"; };
		05C05CCC103D4FF500C70832 /* NSColor+Hexadecimal.h */ = {isa = PBXFileReference; fileEncoding = 4; lastKnownFileType = sourcecode.c.h; name = "NSColor+Hexadecimal.h"; path = "Classes/Model/Twitter Engine/NSColor+Hexadecimal.h"; sourceTree = "<group>"; };
		05C05CCD103D4FF500C70832 /* NSColor+Hexadecimal.m */ = {isa = PBXFileReference; fileEncoding = 4; lastKnownFileType = sourcecode.c.objc; name = "NSColor+Hexadecimal.m"; path = "Classes/Model/Twitter Engine/NSColor+Hexadecimal.m"; sourceTree = "<group>"; };
		05C05D72103D71DC00C70832 /* ORSTwitterEngine+SocialGraph.h */ = {isa = PBXFileReference; fileEncoding = 4; lastKnownFileType = sourcecode.c.h; name = "ORSTwitterEngine+SocialGraph.h"; path = "Classes/Model/Twitter Engine/ORSTwitterEngine+SocialGraph.h"; sourceTree = "<group>"; };
		05C05D73103D71DC00C70832 /* ORSTwitterEngine+SocialGraph.m */ = {isa = PBXFileReference; fileEncoding = 4; lastKnownFileType = sourcecode.c.objc; name = "ORSTwitterEngine+SocialGraph.m"; path = "Classes/Model/Twitter Engine/ORSTwitterEngine+SocialGraph.m"; sourceTree = "<group>"; };
		05C05DB4103D996100C70832 /* ORSTwitterEngine+Friendship.h */ = {isa = PBXFileReference; fileEncoding = 4; lastKnownFileType = sourcecode.c.h; name = "ORSTwitterEngine+Friendship.h"; path = "Classes/Model/Twitter Engine/ORSTwitterEngine+Friendship.h"; sourceTree = "<group>"; };
		05C05DB5103D996100C70832 /* ORSTwitterEngine+Friendship.m */ = {isa = PBXFileReference; fileEncoding = 4; lastKnownFileType = sourcecode.c.objc; name = "ORSTwitterEngine+Friendship.m"; path = "Classes/Model/Twitter Engine/ORSTwitterEngine+Friendship.m"; sourceTree = "<group>"; };
		05C05F0D103E9AF700C70832 /* ORSTwitterEngine+Status.h */ = {isa = PBXFileReference; fileEncoding = 4; lastKnownFileType = sourcecode.c.h; name = "ORSTwitterEngine+Status.h"; path = "Classes/Model/Twitter Engine/ORSTwitterEngine+Status.h"; sourceTree = "<group>"; };
		05C05F0E103E9AF700C70832 /* ORSTwitterEngine+Status.m */ = {isa = PBXFileReference; fileEncoding = 4; lastKnownFileType = sourcecode.c.objc; name = "ORSTwitterEngine+Status.m"; path = "Classes/Model/Twitter Engine/ORSTwitterEngine+Status.m"; sourceTree = "<group>"; };
		05C06139103ED16000C70832 /* searchTemplate.pdf */ = {isa = PBXFileReference; lastKnownFileType = image.pdf; name = searchTemplate.pdf; path = Resources/Images/searchTemplate.pdf; sourceTree = "<group>"; };
		05FF7473103AAE0200E053E0 /* sieveTemplate.pdf */ = {isa = PBXFileReference; lastKnownFileType = image.pdf; name = sieveTemplate.pdf; path = Resources/Images/sieveTemplate.pdf; sourceTree = "<group>"; };
		1058C7A1FEA54F0111CA2CBB /* Cocoa.framework */ = {isa = PBXFileReference; lastKnownFileType = wrapper.framework; name = Cocoa.framework; path = /System/Library/Frameworks/Cocoa.framework; sourceTree = "<absolute>"; };
		13E42FB307B3F0F600E4EEF1 /* CoreData.framework */ = {isa = PBXFileReference; lastKnownFileType = wrapper.framework; name = CoreData.framework; path = /System/Library/Frameworks/CoreData.framework; sourceTree = "<absolute>"; };
		29B97324FDCFA39411CA2CEA /* AppKit.framework */ = {isa = PBXFileReference; lastKnownFileType = wrapper.framework; name = AppKit.framework; path = /System/Library/Frameworks/AppKit.framework; sourceTree = "<absolute>"; };
		29B97325FDCFA39411CA2CEA /* Foundation.framework */ = {isa = PBXFileReference; lastKnownFileType = wrapper.framework; name = Foundation.framework; path = /System/Library/Frameworks/Foundation.framework; sourceTree = "<absolute>"; };
		8D1107320486CEB800E47090 /* Canary.app */ = {isa = PBXFileReference; explicitFileType = wrapper.application; includeInIndex = 0; path = Canary.app; sourceTree = BUILT_PRODUCTS_DIR; };
/* End PBXFileReference section */

/* Begin PBXFrameworksBuildPhase section */
		8D11072E0486CEB800E47090 /* Frameworks */ = {
			isa = PBXFrameworksBuildPhase;
			buildActionMask = 2147483647;
			files = (
				8D11072F0486CEB800E47090 /* Cocoa.framework in Frameworks */,
				0573D7340DA6650B002D1CCF /* Security.framework in Frameworks */,
				05A5D7820F03F0D100B596A9 /* Quartz.framework in Frameworks */,
				057E321C0F91E19A0055B843 /* ScriptingBridge.framework in Frameworks */,
				053FBC270FA515E100DA370E /* Sparkle.framework in Frameworks */,
				053FBC280FA515E100DA370E /* Growl.framework in Frameworks */,
				05656BA5103AB7A70095BF38 /* BWToolkitFramework.framework in Frameworks */,
			);
			runOnlyForDeploymentPostprocessing = 0;
		};
/* End PBXFrameworksBuildPhase section */

/* Begin PBXGroup section */
		051A4B700E7ACC770040D9F3 /* Twitter Engine */ = {
			isa = PBXGroup;
			children = (
				05C05CCC103D4FF500C70832 /* NSColor+Hexadecimal.h */,
				05C05CCD103D4FF500C70832 /* NSColor+Hexadecimal.m */,
				053FBAAA0FA511A900DA370E /* ORSSession.h */,
				053FBAA80FA511A900DA370E /* ORSSession.m */,
				053FBAA10FA511A900DA370E /* ORSTwitterEngine.h */,
				053FBA9E0FA511A900DA370E /* ORSTwitterEngine.m */,
				053FBA9F0FA511A900DA370E /* ORSTwitterEngine+Timeline.h */,
				053FBA9A0FA511A900DA370E /* ORSTwitterEngine+Timeline.m */,
				05C05F0D103E9AF700C70832 /* ORSTwitterEngine+Status.h */,
				05C05F0E103E9AF700C70832 /* ORSTwitterEngine+Status.m */,
				053FBA980FA511A900DA370E /* ORSTwitterEngine+User.h */,
				053FBA990FA511A900DA370E /* ORSTwitterEngine+User.m */,
				053FBA9B0FA511A900DA370E /* ORSTwitterEngine+DirectMessage.h */,
				053FBA9C0FA511A900DA370E /* ORSTwitterEngine+DirectMessage.m */,
				05C05DB4103D996100C70832 /* ORSTwitterEngine+Friendship.h */,
				05C05DB5103D996100C70832 /* ORSTwitterEngine+Friendship.m */,
				05C05D72103D71DC00C70832 /* ORSTwitterEngine+SocialGraph.h */,
				05C05D73103D71DC00C70832 /* ORSTwitterEngine+SocialGraph.m */,
				05C05C65103D3C9A00C70832 /* ORSTwitterEngine+Account.h */,
				05C05C66103D3C9A00C70832 /* ORSTwitterEngine+Account.m */,
				05C05BB2103D32F000C70832 /* ORSTwitterEngine+Favorite.h */,
				05C05BB3103D32F000C70832 /* ORSTwitterEngine+Favorite.m */,
				05C05B50103D2EF600C70832 /* ORSTwitterEngine+Notification.h */,
				05C05B51103D2EF600C70832 /* ORSTwitterEngine+Notification.m */,
				05C05AAB103C2CF600C70832 /* ORSTwitterEngine+Block.h */,
				05C05AAC103C2CF600C70832 /* ORSTwitterEngine+Block.m */,
				05C05A2B103C248A00C70832 /* ORSTwitterEngine+SavedSearches.h */,
				05C05A2C103C248A00C70832 /* ORSTwitterEngine+SavedSearches.m */,
				05C05A20103C09AC00C70832 /* ORSTwitterEngine+OAuth.h */,
				05C05A21103C09AC00C70832 /* ORSTwitterEngine+OAuth.m */,
				05C059FE103C08FE00C70832 /* ORSTwitterEngine+Help.h */,
				05C059FF103C08FE00C70832 /* ORSTwitterEngine+Help.m */,
				053FBA970FA511A900DA370E /* ORSAsyncTwitPicDispatcher.h */,
				053FBAA90FA511A900DA370E /* ORSAsyncTwitPicDispatcher.m */,
				053FBAA30FA511A900DA370E /* ORSUpdateDispatcher.h */,
				053FBAA00FA511A900DA370E /* ORSUpdateDispatcher.m */,
				053FBAA40FA511A900DA370E /* ORSTimelineCacheManager.h */,
				053FBAA50FA511A900DA370E /* ORSTimelineCacheManager.m */,
				053FBAA60FA511A900DA370E /* ORSTwitPicDispatcher.h */,
				053FBAA70FA511A900DA370E /* ORSTwitPicDispatcher.m */,
				053FB6E10FA4B61200DA370E /* Base64 Encoding */,
				05E247600EC3764700410548 /* NSXMLNode Additions */,
			);
			name = "Twitter Engine";
			sourceTree = "<group>";
		};
		053FB6E10FA4B61200DA370E /* Base64 Encoding */ = {
			isa = PBXGroup;
			children = (
				053FBA820FA510BC00DA370E /* NSString+Base64.h */,
				053FBA830FA510BC00DA370E /* NSString+Base64.m */,
				053FBA840FA510BC00DA370E /* base64.h */,
				053FBA850FA510BC00DA370E /* base64.c */,
			);
			name = "Base64 Encoding";
			sourceTree = "<group>";
		};
		053FB9940FA4D4B300DA370E /* Licenses */ = {
			isa = PBXGroup;
			children = (
				053FB9950FA4D4B300DA370E /* BWToolkit License.rtf */,
				053FB9960FA4D4B300DA370E /* Canary License.rtf */,
				053FB9970FA4D4B300DA370E /* Copyright and license info.rtf */,
				053FB9980FA4D4B300DA370E /* Growl License.txt */,
				053FB9990FA4D4B300DA370E /* Sparkle License.txt */,
			);
			path = Licenses;
			sourceTree = "<group>";
		};
		0555A4320EAA190700B126BC /* URL Shorteners */ = {
			isa = PBXGroup;
			children = (
				053FBAC60FA5128900DA370E /* ORSAdjixShortener.h */,
				053FBAC70FA5128900DA370E /* ORSAdjixShortener.m */,
				053FBAC80FA5128900DA370E /* ORSBitlyShortener.h */,
				053FBAC90FA5128900DA370E /* ORSBitlyShortener.m */,
				053FBACA0FA5128900DA370E /* ORSCligsShortener.h */,
				053FBACB0FA5128900DA370E /* ORSCligsShortener.m */,
				053FBACC0FA5128900DA370E /* ORSIsgdShortener.h */,
				053FBACD0FA5128900DA370E /* ORSIsgdShortener.m */,
				053FBAD10FA5128900DA370E /* ORSSnipURLShortener.h */,
				053FBAD20FA5128900DA370E /* ORSSnipURLShortener.m */,
				053FBAD30FA5128900DA370E /* ORSTinyURLShortener.h */,
				053FBAD40FA5128900DA370E /* ORSTinyURLShortener.m */,
				053FBAD80FA5128900DA370E /* ORSTrimShortener.h */,
				053FBAD50FA5128900DA370E /* ORSTrimShortener.m */,
				053FBAD60FA5128900DA370E /* ORSUrlborgShortener.h */,
				053FBAD70FA5128900DA370E /* ORSUrlborgShortener.m */,
				053FBACF0FA5128900DA370E /* ORSShortenerFactory.h */,
				053FBAD00FA5128900DA370E /* ORSShortenerFactory.m */,
				053FBAC40FA5128900DA370E /* ORSAbstractShortener.h */,
				053FBAC50FA5128900DA370E /* ORSAbstractShortener.m */,
				053FBACE0FA5128900DA370E /* ORSShortener.h */,
			);
			name = "URL Shorteners";
			sourceTree = "<group>";
		};
		0555A7180EAA612300B126BC /* Credentials Manager */ = {
			isa = PBXGroup;
			children = (
				053FBAED0FA512C600DA370E /* ORSCredentialsManager.h */,
				053FBAEC0FA512C600DA370E /* ORSCredentialsManager.m */,
			);
			name = "Credentials Manager";
			sourceTree = "<group>";
		};
		056DC6F10ECB63FD00B9F0BB /* Images */ = {
			isa = PBXGroup;
			children = (
				053FBAF60FA514E100DA370E /* bitly.png */,
				053FBAF70FA514E100DA370E /* Canary.icns */,
				053FBAF80FA514E100DA370E /* Canary.png */,
				053FBAF90FA514E100DA370E /* cligs.png */,
				053FBAFA0FA514E100DA370E /* comment.png */,
				053FBAFB0FA514E100DA370E /* comments.png */,
				053FBAFC0FA514E100DA370E /* email.png */,
				053FBAFD0FA514E100DA370E /* error.png */,
				053FBAFE0FA514E100DA370E /* fave_star.png */,
				05656D23103AD5C50095BF38 /* favoritesTemplate.pdf */,
				05656D24103AD5C50095BF38 /* friendsTemplate.pdf */,
				053FBAFF0FA514E100DA370E /* Gradient1.png */,
				053FBB000FA514E100DA370E /* Gradient2.png */,
				053FBB010FA514E100DA370E /* information.png */,
				053FBB020FA514E100DA370E /* isgd.png */,
				053FBB030FA514E100DA370E /* LightGradient.png */,
				05656D26103AD5C50095BF38 /* mentionsTemplate.pdf */,
				053FBB040FA514E100DA370E /* message.png */,
				05656D25103AD5C50095BF38 /* messagesTemplate.pdf */,
				053FBB050FA514E100DA370E /* picture_link.png */,
				05C06139103ED16000C70832 /* searchTemplate.pdf */,
				05FF7473103AAE0200E053E0 /* sieveTemplate.pdf */,
				053FBB060FA514E100DA370E /* tinyurl.png */,
				053FBB070FA514E100DA370E /* trim.png */,
				053FBB080FA514E100DA370E /* urlborg.png */,
				053FBB090FA514E100DA370E /* user_add.png */,
				053FBB0A0FA514E100DA370E /* user_delete.png */,
				053FBB0B0FA514E100DA370E /* user_green.png */,
				053FBB0C0FA514E100DA370E /* user_red.png */,
				053FBB0D0FA514E100DA370E /* user.png */,
			);
			name = Images;
			sourceTree = "<group>";
		};
		0591A9610EC8E73800BF3CAD /* Other Controllers */ = {
			isa = PBXGroup;
			children = (
				053FBA790FA5103B00DA370E /* ORSCanaryLoginController.h */,
				053FBA7A0FA5103B00DA370E /* ORSCanaryLoginController.m */,
				053FBA7B0FA5103B00DA370E /* ORSCanaryPreferencesController.h */,
				053FBA7C0FA5103B00DA370E /* ORSCanaryAboutController.m */,
				053FBA7D0FA5103B00DA370E /* ORSCanaryAboutController.h */,
				053FBA7E0FA5103B00DA370E /* ORSCanaryPreferencesController.m */,
			);
			name = "Other Controllers";
			sourceTree = "<group>";
		};
		05A685E80F37A9D70021D8AD /* Filters */ = {
			isa = PBXGroup;
			children = (
				053FBABD0FA5121100DA370E /* ORSFilter.h */,
				053FBABB0FA5121100DA370E /* ORSFilter.m */,
				053FBABA0FA5121100DA370E /* ORSFilterTransformer.h */,
				053FBABC0FA5121100DA370E /* ORSFilterTransformer.m */,
				053FBAB80FA5121100DA370E /* ORSFilterArrayTransformer.h */,
				053FBAB90FA5121100DA370E /* ORSFilterArrayTransformer.m */,
			);
			name = Filters;
			sourceTree = "<group>";
		};
		05DF56710E3E608700B8B4DE /* Model */ = {
			isa = PBXGroup;
			children = (
				051A4B700E7ACC770040D9F3 /* Twitter Engine */,
				05A685E80F37A9D70021D8AD /* Filters */,
				0555A4320EAA190700B126BC /* URL Shorteners */,
				0555A7180EAA612300B126BC /* Credentials Manager */,
			);
			name = Model;
			sourceTree = "<group>";
		};
		05DF56720E3E60DE00B8B4DE /* Controller */ = {
			isa = PBXGroup;
			children = (
				053FBA3A0FA50EC700DA370E /* ORSCanaryController.h */,
				053FBA3F0FA50EC700DA370E /* ORSCanaryController.m */,
				053FBA3E0FA50EC700DA370E /* ORSCanaryController+Growl.h */,
				053FBA3C0FA50EC700DA370E /* ORSCanaryController+Growl.m */,
				053FBA380FA50EC700DA370E /* NSString+ORSCanaryAdditions.h */,
				053FBA390FA50EC700DA370E /* NSString+ORSCanaryAdditions.m */,
				055990B1105784A8009E3CA8 /* ORSScreenNameToBooleanTransformer.h */,
				055990B2105784A8009E3CA8 /* ORSScreenNameToBooleanTransformer.m */,
				053FBA3D0FA50EC700DA370E /* NSMutableAttributedString+ORSCanaryAdditions.h */,
				053FBA3B0FA50EC700DA370E /* NSMutableAttributedString+ORSCanaryAdditions.m */,
				05A216A50FDD3FB1004748C4 /* ORSCanaryPreferences.h */,
				05A216A60FDD3FB1004748C4 /* ORSCanaryPreferences.m */,
				053FBA400FA50EC700DA370E /* iTunes.h */,
				05E2461C0EC22BC500410548 /* Controls */,
				0591A9610EC8E73800BF3CAD /* Other Controllers */,
			);
			name = Controller;
			sourceTree = "<group>";
		};
		05E2461C0EC22BC500410548 /* Controls */ = {
			isa = PBXGroup;
			children = (
				053FBA520FA50FA900DA370E /* ORSDateDifferenceFormatter.h */,
				053FBA630FA50FA900DA370E /* ORSDateDifferenceFormatter.m */,
				053FBA550FA50FA900DA370E /* ORSCanaryStatusView.h */,
				053FBA530FA50FA900DA370E /* ORSCanaryStatusView.m */,
				053FBA570FA50FA900DA370E /* ORSCanaryUnderlinedButtonCell.h */,
				053FBA540FA50FA900DA370E /* ORSCanaryUnderlinedButtonCell.m */,
				053FBA590FA50FA900DA370E /* ORSCanaryNewStatusTextFieldCell.h */,
				053FBA560FA50FA900DA370E /* ORSCanaryNewStatusTextFieldCell.m */,
				053FBA5B0FA50FA900DA370E /* ORSImageView.h */,
				053FBA580FA50FA900DA370E /* ORSImageView.m */,
				053FBA620FA50FA900DA370E /* ORSCanaryTextFieldCell.h */,
				053FBA5A0FA50FA900DA370E /* ORSCanaryTextFieldCell.m */,
				053FBA600FA50FA900DA370E /* ORSCanaryCollectionView.h */,
				053FBA5C0FA50FA900DA370E /* ORSCanaryCollectionView.m */,
				053FBA5D0FA50FA900DA370E /* ORSCanaryCollectionViewItem.h */,
				053FBA5E0FA50FA900DA370E /* ORSCanaryCollectionViewItem.m */,
				053FBA5F0FA50FA900DA370E /* ORSCanaryDragView.h */,
				053FBA610FA50FA900DA370E /* ORSCanaryDragView.m */,
			);
			name = Controls;
			sourceTree = "<group>";
		};
		05E247600EC3764700410548 /* NSXMLNode Additions */ = {
			isa = PBXGroup;
			children = (
				053FBA8D0FA510FE00DA370E /* NSXMLNode+ORSTwitterStatusAdditions.h */,
				053FBA8C0FA510FE00DA370E /* NSXMLNode+ORSTwitterStatusAdditions.m */,
				053FBA8F0FA510FE00DA370E /* NSXMLNode+ORSTwitterDMAdditions.h */,
				053FBA8E0FA510FE00DA370E /* NSXMLNode+ORSTwitterDMAdditions.m */,
			);
			name = "NSXMLNode Additions";
			sourceTree = "<group>";
		};
		080E96DDFE201D6D7F000001 /* Classes */ = {
			isa = PBXGroup;
			children = (
				05DF56720E3E60DE00B8B4DE /* Controller */,
				05DF56710E3E608700B8B4DE /* Model */,
			);
			name = Classes;
			sourceTree = "<group>";
		};
		1058C7A0FEA54F0111CA2CBB /* Linked Frameworks */ = {
			isa = PBXGroup;
			children = (
				05656BA4103AB7A70095BF38 /* BWToolkitFramework.framework */,
				053FBC240FA515E100DA370E /* Sparkle.framework */,
				053FBC250FA515E100DA370E /* Growl.framework */,
				057E321B0F91E19A0055B843 /* ScriptingBridge.framework */,
				0573D7330DA6650B002D1CCF /* Security.framework */,
				1058C7A1FEA54F0111CA2CBB /* Cocoa.framework */,
			);
			name = "Linked Frameworks";
			sourceTree = "<group>";
		};
		1058C7A2FEA54F0111CA2CBB /* Other Frameworks */ = {
			isa = PBXGroup;
			children = (
				05A5D7810F03F0D100B596A9 /* Quartz.framework */,
				29B97324FDCFA39411CA2CEA /* AppKit.framework */,
				13E42FB307B3F0F600E4EEF1 /* CoreData.framework */,
				29B97325FDCFA39411CA2CEA /* Foundation.framework */,
			);
			name = "Other Frameworks";
			sourceTree = "<group>";
		};
		19C28FACFE9D520D11CA2CBB /* Products */ = {
			isa = PBXGroup;
			children = (
				8D1107320486CEB800E47090 /* Canary.app */,
			);
			name = Products;
			sourceTree = "<group>";
		};
		29B97314FDCFA39411CA2CEA /* Canary */ = {
			isa = PBXGroup;
			children = (
				080E96DDFE201D6D7F000001 /* Classes */,
				29B97315FDCFA39411CA2CEA /* Other Sources */,
				29B97317FDCFA39411CA2CEA /* Resources */,
				29B97323FDCFA39411CA2CEA /* Frameworks */,
				19C28FACFE9D520D11CA2CBB /* Products */,
				053FB9940FA4D4B300DA370E /* Licenses */,
				055990ED105786D0009E3CA8 /* README.textile */,
			);
			name = Canary;
			sourceTree = "<group>";
		};
		29B97315FDCFA39411CA2CEA /* Other Sources */ = {
			isa = PBXGroup;
			children = (
				053FBAF00FA5139300DA370E /* Canary_Prefix.pch */,
				053FBAEF0FA5139300DA370E /* main.m */,
			);
			name = "Other Sources";
			sourceTree = "<group>";
		};
		29B97317FDCFA39411CA2CEA /* Resources */ = {
			isa = PBXGroup;
			children = (
				053FBC660FA516A600DA370E /* Info.plist */,
				056DC6F10ECB63FD00B9F0BB /* Images */,
				053FBB260FA5150E00DA370E /* Growl Registration Ticket.growlRegDict */,
				053FBB880FA5150E00DA370E /* dsa_pub.pem */,
				053FBC0F0FA5154000DA370E /* InfoPlist.strings */,
				053FBC150FA5154000DA370E /* About.xib */,
				053FBC0D0FA5154000DA370E /* LoginWindow.xib */,
				053FBC130FA5154000DA370E /* Preferences.xib */,
				053FBC110FA5154000DA370E /* MainMenu.xib */,
			);
			name = Resources;
			sourceTree = "<group>";
		};
		29B97323FDCFA39411CA2CEA /* Frameworks */ = {
			isa = PBXGroup;
			children = (
				1058C7A0FEA54F0111CA2CBB /* Linked Frameworks */,
				1058C7A2FEA54F0111CA2CBB /* Other Frameworks */,
			);
			name = Frameworks;
			sourceTree = "<group>";
		};
/* End PBXGroup section */

/* Begin PBXNativeTarget section */
		8D1107260486CEB800E47090 /* Canary */ = {
			isa = PBXNativeTarget;
			buildConfigurationList = C01FCF4A08A954540054247B /* Build configuration list for PBXNativeTarget "Canary" */;
			buildPhases = (
				8D1107290486CEB800E47090 /* Resources */,
				8D11072C0486CEB800E47090 /* Sources */,
				8D11072E0486CEB800E47090 /* Frameworks */,
				0594913F0ED6038200874CB4 /* CopyFiles */,
			);
			buildRules = (
			);
			dependencies = (
			);
			name = Canary;
			productInstallPath = "$(HOME)/Applications";
			productName = Canary;
			productReference = 8D1107320486CEB800E47090 /* Canary.app */;
			productType = "com.apple.product-type.application";
		};
/* End PBXNativeTarget section */

/* Begin PBXProject section */
		29B97313FDCFA39411CA2CEA /* Project object */ = {
			isa = PBXProject;
			buildConfigurationList = C01FCF4E08A954540054247B /* Build configuration list for PBXProject "Canary" */;
			compatibilityVersion = "Xcode 3.1";
			hasScannedForEncodings = 1;
			knownRegions = (
				English,
				Japanese,
				French,
				German,
				Greek,
			);
			mainGroup = 29B97314FDCFA39411CA2CEA /* Canary */;
			projectDirPath = "";
			projectRoot = "";
			targets = (
				8D1107260486CEB800E47090 /* Canary */,
			);
		};
/* End PBXProject section */

/* Begin PBXResourcesBuildPhase section */
		8D1107290486CEB800E47090 /* Resources */ = {
			isa = PBXResourcesBuildPhase;
			buildActionMask = 2147483647;
			files = (
				053FB99A0FA4D4B300DA370E /* BWToolkit License.rtf in Resources */,
				053FB99B0FA4D4B300DA370E /* Canary License.rtf in Resources */,
				053FB99C0FA4D4B300DA370E /* Copyright and license info.rtf in Resources */,
				053FB99D0FA4D4B300DA370E /* Growl License.txt in Resources */,
				053FB99E0FA4D4B300DA370E /* Sparkle License.txt in Resources */,
				053FBB0E0FA514E100DA370E /* bitly.png in Resources */,
				053FBB0F0FA514E100DA370E /* Canary.icns in Resources */,
				053FBB100FA514E100DA370E /* Canary.png in Resources */,
				053FBB110FA514E100DA370E /* cligs.png in Resources */,
				053FBB120FA514E100DA370E /* comment.png in Resources */,
				053FBB130FA514E100DA370E /* comments.png in Resources */,
				053FBB140FA514E100DA370E /* email.png in Resources */,
				053FBB150FA514E100DA370E /* error.png in Resources */,
				053FBB160FA514E100DA370E /* fave_star.png in Resources */,
				053FBB170FA514E100DA370E /* Gradient1.png in Resources */,
				053FBB180FA514E100DA370E /* Gradient2.png in Resources */,
				053FBB190FA514E100DA370E /* information.png in Resources */,
				053FBB1A0FA514E100DA370E /* isgd.png in Resources */,
				053FBB1B0FA514E100DA370E /* LightGradient.png in Resources */,
				053FBB1C0FA514E100DA370E /* message.png in Resources */,
				053FBB1D0FA514E100DA370E /* picture_link.png in Resources */,
				053FBB1E0FA514E100DA370E /* tinyurl.png in Resources */,
				053FBB1F0FA514E100DA370E /* trim.png in Resources */,
				053FBB200FA514E100DA370E /* urlborg.png in Resources */,
				053FBB210FA514E100DA370E /* user_add.png in Resources */,
				053FBB220FA514E100DA370E /* user_delete.png in Resources */,
				053FBB230FA514E100DA370E /* user_green.png in Resources */,
				053FBB240FA514E100DA370E /* user_red.png in Resources */,
				053FBB250FA514E100DA370E /* user.png in Resources */,
				053FBBA30FA5150E00DA370E /* Growl Registration Ticket.growlRegDict in Resources */,
				053FBBFE0FA5150E00DA370E /* dsa_pub.pem in Resources */,
				053FBC170FA5154000DA370E /* LoginWindow.xib in Resources */,
				053FBC180FA5154000DA370E /* InfoPlist.strings in Resources */,
				053FBC190FA5154000DA370E /* MainMenu.xib in Resources */,
				053FBC1A0FA5154000DA370E /* Preferences.xib in Resources */,
				053FBC1B0FA5154000DA370E /* About.xib in Resources */,
				05FF7475103AAE0200E053E0 /* sieveTemplate.pdf in Resources */,
				05656D27103AD5C50095BF38 /* favoritesTemplate.pdf in Resources */,
				05656D28103AD5C50095BF38 /* friendsTemplate.pdf in Resources */,
				05656D29103AD5C50095BF38 /* messagesTemplate.pdf in Resources */,
				05656D2A103AD5C50095BF38 /* mentionsTemplate.pdf in Resources */,
				05C0613A103ED16000C70832 /* searchTemplate.pdf in Resources */,
			);
			runOnlyForDeploymentPostprocessing = 0;
		};
/* End PBXResourcesBuildPhase section */

/* Begin PBXSourcesBuildPhase section */
		8D11072C0486CEB800E47090 /* Sources */ = {
			isa = PBXSourcesBuildPhase;
			buildActionMask = 2147483647;
			files = (
				053FBA420FA50EC700DA370E /* NSString+ORSCanaryAdditions.m in Sources */,
				053FBA430FA50EC700DA370E /* NSMutableAttributedString+ORSCanaryAdditions.m in Sources */,
				053FBA440FA50EC700DA370E /* ORSCanaryController+Growl.m in Sources */,
				053FBA450FA50EC700DA370E /* ORSCanaryController.m in Sources */,
				053FBA640FA50FA900DA370E /* ORSCanaryStatusView.m in Sources */,
				053FBA650FA50FA900DA370E /* ORSCanaryUnderlinedButtonCell.m in Sources */,
				053FBA660FA50FA900DA370E /* ORSCanaryNewStatusTextFieldCell.m in Sources */,
				053FBA670FA50FA900DA370E /* ORSImageView.m in Sources */,
				053FBA680FA50FA900DA370E /* ORSCanaryTextFieldCell.m in Sources */,
				053FBA690FA50FA900DA370E /* ORSCanaryCollectionView.m in Sources */,
				053FBA6A0FA50FA900DA370E /* ORSCanaryCollectionViewItem.m in Sources */,
				053FBA6B0FA50FA900DA370E /* ORSCanaryDragView.m in Sources */,
				053FBA6C0FA50FA900DA370E /* ORSDateDifferenceFormatter.m in Sources */,
				053FBA7F0FA5103B00DA370E /* ORSCanaryLoginController.m in Sources */,
				053FBA800FA5103B00DA370E /* ORSCanaryAboutController.m in Sources */,
				053FBA810FA5103B00DA370E /* ORSCanaryPreferencesController.m in Sources */,
				053FBA860FA510BC00DA370E /* NSString+Base64.m in Sources */,
				053FBA870FA510BC00DA370E /* base64.c in Sources */,
				053FBA900FA510FE00DA370E /* NSXMLNode+ORSTwitterStatusAdditions.m in Sources */,
				053FBA910FA510FE00DA370E /* NSXMLNode+ORSTwitterDMAdditions.m in Sources */,
				053FBAAB0FA511A900DA370E /* ORSTwitterEngine+User.m in Sources */,
				053FBAAC0FA511A900DA370E /* ORSTwitterEngine+Timeline.m in Sources */,
				053FBAAD0FA511A900DA370E /* ORSTwitterEngine+DirectMessage.m in Sources */,
				053FBAAE0FA511A900DA370E /* ORSTwitterEngine.m in Sources */,
				053FBAAF0FA511A900DA370E /* ORSUpdateDispatcher.m in Sources */,
				053FBAB10FA511A900DA370E /* ORSTimelineCacheManager.m in Sources */,
				053FBAB20FA511A900DA370E /* ORSTwitPicDispatcher.m in Sources */,
				053FBAB30FA511A900DA370E /* ORSSession.m in Sources */,
				053FBAB40FA511A900DA370E /* ORSAsyncTwitPicDispatcher.m in Sources */,
				053FBABE0FA5121100DA370E /* ORSFilterArrayTransformer.m in Sources */,
				053FBABF0FA5121100DA370E /* ORSFilter.m in Sources */,
				053FBAC00FA5121100DA370E /* ORSFilterTransformer.m in Sources */,
				053FBAD90FA5128900DA370E /* ORSAbstractShortener.m in Sources */,
				053FBADA0FA5128900DA370E /* ORSAdjixShortener.m in Sources */,
				053FBADB0FA5128900DA370E /* ORSBitlyShortener.m in Sources */,
				053FBADC0FA5128900DA370E /* ORSCligsShortener.m in Sources */,
				053FBADD0FA5128900DA370E /* ORSIsgdShortener.m in Sources */,
				053FBADE0FA5128900DA370E /* ORSShortenerFactory.m in Sources */,
				053FBADF0FA5128900DA370E /* ORSSnipURLShortener.m in Sources */,
				053FBAE00FA5128900DA370E /* ORSTinyURLShortener.m in Sources */,
				053FBAE10FA5128900DA370E /* ORSTrimShortener.m in Sources */,
				053FBAE20FA5128900DA370E /* ORSUrlborgShortener.m in Sources */,
				053FBAEE0FA512C600DA370E /* ORSCredentialsManager.m in Sources */,
				053FBAF10FA5139300DA370E /* main.m in Sources */,
				05A216A70FDD3FB1004748C4 /* ORSCanaryPreferences.m in Sources */,
				05C05A00103C08FE00C70832 /* ORSTwitterEngine+Help.m in Sources */,
				05C05A22103C09AC00C70832 /* ORSTwitterEngine+OAuth.m in Sources */,
				05C05A2D103C248A00C70832 /* ORSTwitterEngine+SavedSearches.m in Sources */,
				05C05AAD103C2CF600C70832 /* ORSTwitterEngine+Block.m in Sources */,
				05C05B52103D2EF600C70832 /* ORSTwitterEngine+Notification.m in Sources */,
				05C05BB4103D32F000C70832 /* ORSTwitterEngine+Favorite.m in Sources */,
				05C05C67103D3C9A00C70832 /* ORSTwitterEngine+Account.m in Sources */,
				05C05CCE103D4FF500C70832 /* NSColor+Hexadecimal.m in Sources */,
				05C05D74103D71DC00C70832 /* ORSTwitterEngine+SocialGraph.m in Sources */,
				05C05DB6103D996100C70832 /* ORSTwitterEngine+Friendship.m in Sources */,
				05C05F0F103E9AF700C70832 /* ORSTwitterEngine+Status.m in Sources */,
				055990B3105784A8009E3CA8 /* ORSScreenNameToBooleanTransformer.m in Sources */,
			);
			runOnlyForDeploymentPostprocessing = 0;
		};
/* End PBXSourcesBuildPhase section */

/* Begin PBXVariantGroup section */
		053FBC0D0FA5154000DA370E /* LoginWindow.xib */ = {
			isa = PBXVariantGroup;
			children = (
				053FBC0E0FA5154000DA370E /* English */,
				053FBC1F0FA5155F00DA370E /* German */,
				053FBC210FA5156E00DA370E /* Greek */,
			);
			name = LoginWindow.xib;
			sourceTree = "<group>";
		};
		053FBC0F0FA5154000DA370E /* InfoPlist.strings */ = {
			isa = PBXVariantGroup;
			children = (
				053FBC100FA5154000DA370E /* English */,
			);
			name = InfoPlist.strings;
			sourceTree = "<group>";
		};
		053FBC110FA5154000DA370E /* MainMenu.xib */ = {
			isa = PBXVariantGroup;
			children = (
				053FBC120FA5154000DA370E /* English */,
				053FBC1E0FA5155F00DA370E /* German */,
			);
			name = MainMenu.xib;
			sourceTree = "<group>";
		};
		053FBC130FA5154000DA370E /* Preferences.xib */ = {
			isa = PBXVariantGroup;
			children = (
				053FBC140FA5154000DA370E /* English */,
				053FBC1D0FA5155F00DA370E /* German */,
			);
			name = Preferences.xib;
			sourceTree = "<group>";
		};
		053FBC150FA5154000DA370E /* About.xib */ = {
			isa = PBXVariantGroup;
			children = (
				053FBC160FA5154000DA370E /* English */,
				053FBC200FA5155F00DA370E /* German */,
				053FBC220FA5156E00DA370E /* Greek */,
			);
			name = About.xib;
			sourceTree = "<group>";
		};
/* End PBXVariantGroup section */

/* Begin XCBuildConfiguration section */
		C01FCF4B08A954540054247B /* Debug */ = {
			isa = XCBuildConfiguration;
			buildSettings = {
				ALWAYS_SEARCH_USER_PATHS = NO;
				ARCHS = "$(ARCHS_STANDARD_32_BIT)";
				COPY_PHASE_STRIP = NO;
				CURRENT_PROJECT_VERSION = 0.7.2;
				DEAD_CODE_STRIPPING = YES;
				ENABLE_OPENMP_SUPPORT = YES;
				FRAMEWORK_SEARCH_PATHS = (
					"$(inherited)",
					"\"$(SRCROOT)\"",
					"\"$(DEVELOPER_DIR)/Third-party Frameworks\"",
					"\"$(DEVELOPER_DIR)/Third-party Frameworks/BWToolkit\"",
					"\"$(SRCROOT)/BWToolkit.ibplugin/Contents/Frameworks\"",
					"\"$(SRCROOT)/Resources/BWToolkit.ibplugin/Contents/Frameworks\"",
					"\"$(SRCROOT)/Additional\"",
				);
				GCC_AUTO_VECTORIZATION = NO;
				GCC_DYNAMIC_NO_PIC = NO;
				GCC_ENABLE_FIX_AND_CONTINUE = YES;
				GCC_ENABLE_SSE41_EXTENSIONS = NO;
				GCC_ENABLE_SSE42_EXTENSIONS = NO;
				GCC_INCREASE_PRECOMPILED_HEADER_SHARING = YES;
				GCC_MODEL_TUNING = G5;
				GCC_OPTIMIZATION_LEVEL = 0;
				GCC_PRECOMPILE_PREFIX_HEADER = YES;
				GCC_PREFIX_HEADER = "Other Sources/Canary_Prefix.pch";
				GCC_STRICT_ALIASING = NO;
				GCC_USE_STANDARD_INCLUDE_SEARCHING = YES;
				GCC_VERSION = com.apple.compilers.llvm.clang.1_0;
				INFOPLIST_FILE = Info.plist;
				INSTALL_PATH = "$(HOME)/Applications";
				ONLY_ACTIVE_ARCH = NO;
				PRECOMPS_INCLUDE_HEADERS_FROM_BUILT_PRODUCTS_DIR = YES;
				PRODUCT_NAME = Canary;
				RUN_CLANG_STATIC_ANALYZER = YES;
				SCAN_ALL_SOURCE_FILES_FOR_INCLUDES = YES;
				VALID_ARCHS = "i386 ppc";
			};
			name = Debug;
		};
		C01FCF4C08A954540054247B /* Release */ = {
			isa = XCBuildConfiguration;
			buildSettings = {
				ALWAYS_SEARCH_USER_PATHS = NO;
				ARCHS = "$(ARCHS_STANDARD_32_BIT)";
				COPY_PHASE_STRIP = NO;
				CURRENT_PROJECT_VERSION = 0.7.2;
				DEAD_CODE_STRIPPING = YES;
				DEBUG_INFORMATION_FORMAT = "dwarf-with-dsym";
				DEPLOYMENT_LOCATION = YES;
				DEPLOYMENT_POSTPROCESSING = YES;
				ENABLE_OPENMP_SUPPORT = YES;
				FRAMEWORK_SEARCH_PATHS = (
					"$(inherited)",
					"\"$(SRCROOT)\"",
					"\"$(DEVELOPER_DIR)/Third-party Frameworks\"",
					"\"$(DEVELOPER_DIR)/Third-party Frameworks/BWToolkit\"",
					"\"$(SRCROOT)/BWToolkit.ibplugin/Contents/Frameworks\"",
					"\"$(SRCROOT)/Resources/BWToolkit.ibplugin/Contents/Frameworks\"",
					"\"$(SRCROOT)/Additional\"",
				);
				GCC_AUTO_VECTORIZATION = YES;
				GCC_DYNAMIC_NO_PIC = YES;
				GCC_ENABLE_SSE41_EXTENSIONS = YES;
				GCC_ENABLE_SSE42_EXTENSIONS = YES;
				GCC_INCREASE_PRECOMPILED_HEADER_SHARING = YES;
				GCC_INSTRUMENT_PROGRAM_FLOW_ARCS = YES;
				GCC_MODEL_TUNING = G5;
				GCC_OPTIMIZATION_LEVEL = 3;
				GCC_PRECOMPILE_PREFIX_HEADER = YES;
				GCC_PREFIX_HEADER = "Other Sources/Canary_Prefix.pch";
				GCC_STRICT_ALIASING = YES;
				GCC_USE_STANDARD_INCLUDE_SEARCHING = YES;
				GCC_VERSION = com.apple.compilers.llvm.clang.1_0;
				INFOPLIST_FILE = Info.plist;
				INSTALL_PATH = "$(HOME)/Applications";
				LLVM_LTO = NO;
				ONLY_ACTIVE_ARCH = NO;
				PRECOMPS_INCLUDE_HEADERS_FROM_BUILT_PRODUCTS_DIR = YES;
				PRESERVE_DEAD_CODE_INITS_AND_TERMS = YES;
				PRODUCT_NAME = Canary;
				RUN_CLANG_STATIC_ANALYZER = YES;
				SCAN_ALL_SOURCE_FILES_FOR_INCLUDES = YES;
				VALID_ARCHS = "i386 ppc";
			};
			name = Release;
		};
		C01FCF4F08A954540054247B /* Debug */ = {
			isa = XCBuildConfiguration;
			buildSettings = {
				ALWAYS_SEARCH_USER_PATHS = NO;
				ARCHS = "$(ARCHS_STANDARD_32_64_BIT)";
				CURRENT_PROJECT_VERSION = 0.6;
				DEBUG_INFORMATION_FORMAT = "dwarf-with-dsym";
				ENABLE_OPENMP_SUPPORT = YES;
				GCC_C_LANGUAGE_STANDARD = c99;
				GCC_DEBUGGING_SYMBOLS = full;
				GCC_ENABLE_OBJC_GC = required;
				GCC_ENABLE_SSE3_EXTENSIONS = YES;
				GCC_ENABLE_SUPPLEMENTAL_SSE3_INSTRUCTIONS = YES;
				GCC_ENABLE_SYMBOL_SEPARATION = NO;
				GCC_OPTIMIZATION_LEVEL = 3;
				GCC_TREAT_IMPLICIT_FUNCTION_DECLARATIONS_AS_ERRORS = YES;
				GCC_VERSION = com.apple.compilers.llvmgcc42;
				GCC_WARN_64_TO_32_BIT_CONVERSION = NO;
				GCC_WARN_ABOUT_POINTER_SIGNEDNESS = YES;
				GCC_WARN_ABOUT_RETURN_TYPE = YES;
				GCC_WARN_ALLOW_INCOMPLETE_PROTOCOL = YES;
				GCC_WARN_CHECK_SWITCH_STATEMENTS = YES;
				GCC_WARN_FOUR_CHARACTER_CONSTANTS = YES;
				GCC_WARN_INITIALIZER_NOT_FULLY_BRACKETED = YES;
				GCC_WARN_MISSING_PARENTHESES = NO;
				GCC_WARN_PEDANTIC = NO;
				GCC_WARN_PROTOTYPE_CONVERSION = NO;
				GCC_WARN_SHADOW = YES;
				GCC_WARN_SIGN_COMPARE = YES;
				GCC_WARN_TYPECHECK_CALLS_TO_PRINTF = YES;
				GCC_WARN_UNINITIALIZED_AUTOS = YES;
				GCC_WARN_UNUSED_FUNCTION = YES;
				GCC_WARN_UNUSED_LABEL = YES;
				GCC_WARN_UNUSED_PARAMETER = NO;
				GCC_WARN_UNUSED_VALUE = YES;
				GCC_WARN_UNUSED_VARIABLE = YES;
				ONLY_ACTIVE_ARCH = YES;
				PREBINDING = NO;
				PRECOMPS_INCLUDE_HEADERS_FROM_BUILT_PRODUCTS_DIR = NO;
				SDKROOT = macosx10.5;
			};
			name = Debug;
		};
		C01FCF5008A954540054247B /* Release */ = {
			isa = XCBuildConfiguration;
			buildSettings = {
				ALWAYS_SEARCH_USER_PATHS = NO;
				ARCHS = "$(ARCHS_STANDARD_32_BIT)";
				CODE_SIGN_IDENTITY = "Nick Toumpelis";
				CURRENT_PROJECT_VERSION = 0.7.1;
				DEAD_CODE_STRIPPING = YES;
				DEBUG_INFORMATION_FORMAT = "dwarf-with-dsym";
				DEPLOYMENT_LOCATION = YES;
				DEPLOYMENT_POSTPROCESSING = YES;
				ENABLE_OPENMP_SUPPORT = NO;
				GCC_AUTO_VECTORIZATION = YES;
				GCC_C_LANGUAGE_STANDARD = c99;
				GCC_DEBUGGING_SYMBOLS = default;
				GCC_DYNAMIC_NO_PIC = YES;
				GCC_ENABLE_CPP_EXCEPTIONS = NO;
				GCC_ENABLE_CPP_RTTI = NO;
				GCC_ENABLE_OBJC_GC = required;
				GCC_ENABLE_PASCAL_STRINGS = NO;
				GCC_ENABLE_SSE3_EXTENSIONS = YES;
				GCC_ENABLE_SUPPLEMENTAL_SSE3_INSTRUCTIONS = YES;
				GCC_ENABLE_SYMBOL_SEPARATION = NO;
				GCC_GENERATE_DEBUGGING_SYMBOLS = NO;
				GCC_INSTRUMENT_PROGRAM_FLOW_ARCS = YES;
				GCC_MODEL_TUNING = G5;
				GCC_OPTIMIZATION_LEVEL = 4;
				GCC_STRICT_ALIASING = YES;
				GCC_SYMBOLS_PRIVATE_EXTERN = YES;
				GCC_TREAT_IMPLICIT_FUNCTION_DECLARATIONS_AS_ERRORS = YES;
				GCC_UNROLL_LOOPS = YES;
				GCC_VERSION = com.apple.compilers.llvmgcc42;
				GCC_WARN_64_TO_32_BIT_CONVERSION = NO;
				GCC_WARN_ABOUT_POINTER_SIGNEDNESS = YES;
				GCC_WARN_ABOUT_RETURN_TYPE = YES;
				GCC_WARN_ALLOW_INCOMPLETE_PROTOCOL = YES;
				GCC_WARN_CHECK_SWITCH_STATEMENTS = YES;
				GCC_WARN_EFFECTIVE_CPLUSPLUS_VIOLATIONS = YES;
				GCC_WARN_FOUR_CHARACTER_CONSTANTS = NO;
				GCC_WARN_INITIALIZER_NOT_FULLY_BRACKETED = YES;
				GCC_WARN_MISSING_PARENTHESES = NO;
				GCC_WARN_PEDANTIC = NO;
				GCC_WARN_PROTOTYPE_CONVERSION = NO;
				GCC_WARN_SHADOW = YES;
				GCC_WARN_SIGN_COMPARE = YES;
				GCC_WARN_TYPECHECK_CALLS_TO_PRINTF = YES;
				GCC_WARN_UNINITIALIZED_AUTOS = YES;
				GCC_WARN_UNUSED_FUNCTION = YES;
				GCC_WARN_UNUSED_LABEL = YES;
				GCC_WARN_UNUSED_PARAMETER = NO;
				GCC_WARN_UNUSED_VALUE = YES;
				GCC_WARN_UNUSED_VARIABLE = YES;
				INSTALL_PATH = /Applications;
				LLVM_LTO = YES;
				MACH_O_TYPE = mh_execute;
				ONLY_ACTIVE_ARCH = NO;
				PREBINDING = NO;
				PRECOMPS_INCLUDE_HEADERS_FROM_BUILT_PRODUCTS_DIR = NO;
				PRESERVE_DEAD_CODE_INITS_AND_TERMS = YES;
				PRODUCT_NAME = Canary;
				SCAN_ALL_SOURCE_FILES_FOR_INCLUDES = NO;
				SDKROOT = macosx10.5;
				VALID_ARCHS = "x86_64 ppc64 i386 ppc";
			};
			name = Release;
		};
/* End XCBuildConfiguration section */

/* Begin XCConfigurationList section */
		C01FCF4A08A954540054247B /* Build configuration list for PBXNativeTarget "Canary" */ = {
			isa = XCConfigurationList;
			buildConfigurations = (
				C01FCF4B08A954540054247B /* Debug */,
				C01FCF4C08A954540054247B /* Release */,
			);
			defaultConfigurationIsVisible = 0;
			defaultConfigurationName = Release;
		};
		C01FCF4E08A954540054247B /* Build configuration list for PBXProject "Canary" */ = {
			isa = XCConfigurationList;
			buildConfigurations = (
				C01FCF4F08A954540054247B /* Debug */,
				C01FCF5008A954540054247B /* Release */,
			);
			defaultConfigurationIsVisible = 0;
			defaultConfigurationName = Release;
		};
/* End XCConfigurationList section */
	};
	rootObject = 29B97313FDCFA39411CA2CEA /* Project object */;
}
